
Microsoft Visual Studio Solution File, Format Version 12.00
# Visual Studio 2013
VisualStudioVersion = 12.0.30501.0
MinimumVisualStudioVersion = 10.0.40219.1
Project("{2150E333-8FDC-42A3-9474-1A3956D46DE8}") = "Tests", "Tests", "{3B427A33-480F-4312-A049-06BFE5C4EBCC}"
EndProject
Project("{FAE04EC0-301F-11D3-BF4B-00C04F79EFBC}") = "OmniCommon", "OmniCommon\OmniCommon.csproj", "{1E9C5284-DFDC-4AC1-B257-526CB1989876}"
EndProject
Project("{FAE04EC0-301F-11D3-BF4B-00C04F79EFBC}") = "CustomizedClickOnce.Uninstall", "CustomizedClickOnce\CustomizedClickOnce.Uninstall\CustomizedClickOnce.Uninstall.csproj", "{0CD11D9E-6B6A-4B9C-A13F-CBC20B618D60}"
EndProject
Project("{FAE04EC0-301F-11D3-BF4B-00C04F79EFBC}") = "CustomizedClickOnce.Common", "CustomizedClickOnce\CustomizedClickOnce.Common\CustomizedClickOnce.Common.csproj", "{BC299433-48CC-4282-A7F4-3948E054B6AC}"
EndProject
Project("{FAE04EC0-301F-11D3-BF4B-00C04F79EFBC}") = "WindowsImports", "WindowsImports\WindowsImports.csproj", "{A3325236-54EF-462D-9A88-DAD57ADC8D11}"
EndProject
Project("{FAE04EC0-301F-11D3-BF4B-00C04F79EFBC}") = "Omnipaste", "Omnipaste\Omnipaste.csproj", "{A5370D41-9479-46AA-B2FB-5CD4467379A1}"
	ProjectSection(ProjectDependencies) = postProject
		{C6D3831D-9867-463C-9447-E4637F3C9A27} = {C6D3831D-9867-463C-9447-E4637F3C9A27}
		{0F0AB57A-E5E0-46CB-AE5D-3CE5FA559BFC} = {0F0AB57A-E5E0-46CB-AE5D-3CE5FA559BFC}
		{0CD11D9E-6B6A-4B9C-A13F-CBC20B618D60} = {0CD11D9E-6B6A-4B9C-A13F-CBC20B618D60}
	EndProjectSection
EndProject
Project("{FAE04EC0-301F-11D3-BF4B-00C04F79EFBC}") = "OmniApi", "OmniApi\OmniApi.csproj", "{FE52A16D-0E4A-4794-AF54-4CA066608FF9}"
EndProject
Project("{FAE04EC0-301F-11D3-BF4B-00C04F79EFBC}") = "OmniApiTests", "Tests\OmniApiTests\OmniApiTests.csproj", "{4DDA5EBD-9E52-41CE-82F2-FDF4F87FA41B}"
EndProject
Project("{FAE04EC0-301F-11D3-BF4B-00C04F79EFBC}") = "CustomizedClickOnce.Install", "CustomizedClickOnce\CustomizedClickOnce.Install\CustomizedClickOnce.Install.csproj", "{0F0AB57A-E5E0-46CB-AE5D-3CE5FA559BFC}"
EndProject
Project("{FAE04EC0-301F-11D3-BF4B-00C04F79EFBC}") = "OmniSync", "OmniSync\OmniSync.csproj", "{0063E0A0-3B61-4358-9534-3C6A9AA90CB0}"
EndProject
Project("{FAE04EC0-301F-11D3-BF4B-00C04F79EFBC}") = "Omni", "Omni\Omni.csproj", "{B3F798A0-A219-49EA-8A25-183A91662E82}"
EndProject
Project("{FAE04EC0-301F-11D3-BF4B-00C04F79EFBC}") = "Clipboard", "Clipboard\Clipboard.csproj", "{C7D3C627-311F-4395-BE3C-953F1F715C74}"
EndProject
Project("{FAE04EC0-301F-11D3-BF4B-00C04F79EFBC}") = "ClipboardTests", "Tests\ClipboardTests\ClipboardTests.csproj", "{6EDE29D2-7189-45FE-B665-474457383C0D}"
EndProject
Project("{FAE04EC0-301F-11D3-BF4B-00C04F79EFBC}") = "OmnipasteTests", "Tests\OmnipasteTests\OmnipasteTests.csproj", "{EAF5BF18-557E-4910-AB61-325220A95AB3}"
	ProjectSection(ProjectDependencies) = postProject
		{A5370D41-9479-46AA-B2FB-5CD4467379A1} = {A5370D41-9479-46AA-B2FB-5CD4467379A1}
	EndProjectSection
EndProject
Project("{FAE04EC0-301F-11D3-BF4B-00C04F79EFBC}") = "OmniSyncTests", "Tests\OmniSyncTests\OmniSyncTests.csproj", "{C4EEBE13-1252-460C-9C37-586A52012BD7}"
EndProject
Project("{FAE04EC0-301F-11D3-BF4B-00C04F79EFBC}") = "OmniCommonTests", "Tests\OmniCommonTests\OmniCommonTests.csproj", "{92B3822C-13DF-4D2A-94FC-1C5D2C10933B}"
EndProject
Project("{FAE04EC0-301F-11D3-BF4B-00C04F79EFBC}") = "OmniTests", "Tests\OmniTests\OmniTests.csproj", "{4ACB0361-8BDA-4A1F-A462-E77D834C178D}"
EndProject
Project("{FAE04EC0-301F-11D3-BF4B-00C04F79EFBC}") = "NotificationsTests", "Tests\NotificationsTests\NotificationsTests.csproj", "{1F63B9DA-1BD8-43B9-8EAE-A87684E5CE59}"
EndProject
Project("{2150E333-8FDC-42A3-9474-1A3956D46DE8}") = "CustomizedClickOnce", "CustomizedClickOnce", "{3B58EEF7-A232-41B5-AAA1-78F46A8B65BA}"
EndProject
Project("{2150E333-8FDC-42A3-9474-1A3956D46DE8}") = ".nuget", ".nuget", "{3E6E62E5-66D7-4CDD-9F01-0974D752B582}"
	ProjectSection(SolutionItems) = preProject
		.nuget\NuGet.Config = .nuget\NuGet.Config
		.nuget\NuGet.exe = .nuget\NuGet.exe
		.nuget\NuGet.targets = .nuget\NuGet.targets
	EndProjectSection
EndProject
Project("{FAE04EC0-301F-11D3-BF4B-00C04F79EFBC}") = "Events", "Events\Events.csproj", "{54D0AFE4-0CD1-414D-AD1F-B9424250673A}"
EndProject
Project("{2150E333-8FDC-42A3-9474-1A3956D46DE8}") = "Installer", "Installer", "{C272FC80-8627-49E6-8568-24C79114EC9D}"
EndProject
Project("{FAE04EC0-301F-11D3-BF4B-00C04F79EFBC}") = "InstallerCustomActions", "Installer\InstallerCustomActions\InstallerCustomActions.csproj", "{12606E51-D980-4A0C-A23A-88FD680C3D63}"
EndProject
Project("{930C7802-8A8C-48F9-8165-68863BCCD9DD}") = "OmnipasteInstaller", "Installer\OmnipasteInstaller\OmnipasteInstaller.wixproj", "{19EC1BBA-9846-4F88-84BA-51D551901D00}"
	ProjectSection(ProjectDependencies) = postProject
		{A5370D41-9479-46AA-B2FB-5CD4467379A1} = {A5370D41-9479-46AA-B2FB-5CD4467379A1}
	EndProjectSection
EndProject
Project("{FAE04EC0-301F-11D3-BF4B-00C04F79EFBC}") = "ClickOnceTransition", "Installer\ClickOnceTransition\ClickOnceTransition.csproj", "{C6D3831D-9867-463C-9447-E4637F3C9A27}"
EndProject
Global
	GlobalSection(SolutionConfigurationPlatforms) = preSolution
		Debug|Any CPU = Debug|Any CPU
		Debug|Mixed Platforms = Debug|Mixed Platforms
		Debug|x86 = Debug|x86
		Release|Any CPU = Release|Any CPU
		Release|Mixed Platforms = Release|Mixed Platforms
		Release|x86 = Release|x86
		Staging|Any CPU = Staging|Any CPU
		Staging|Mixed Platforms = Staging|Mixed Platforms
		Staging|x86 = Staging|x86
	EndGlobalSection
	GlobalSection(ProjectConfigurationPlatforms) = postSolution
		{1E9C5284-DFDC-4AC1-B257-526CB1989876}.Debug|Any CPU.ActiveCfg = Debug|Any CPU
		{1E9C5284-DFDC-4AC1-B257-526CB1989876}.Debug|Any CPU.Build.0 = Debug|Any CPU
		{1E9C5284-DFDC-4AC1-B257-526CB1989876}.Debug|Mixed Platforms.ActiveCfg = Debug|Any CPU
		{1E9C5284-DFDC-4AC1-B257-526CB1989876}.Debug|Mixed Platforms.Build.0 = Debug|Any CPU
		{1E9C5284-DFDC-4AC1-B257-526CB1989876}.Debug|x86.ActiveCfg = Debug|Any CPU
		{1E9C5284-DFDC-4AC1-B257-526CB1989876}.Release|Any CPU.ActiveCfg = Release|Any CPU
		{1E9C5284-DFDC-4AC1-B257-526CB1989876}.Release|Any CPU.Build.0 = Release|Any CPU
		{1E9C5284-DFDC-4AC1-B257-526CB1989876}.Release|Mixed Platforms.ActiveCfg = Release|Any CPU
		{1E9C5284-DFDC-4AC1-B257-526CB1989876}.Release|Mixed Platforms.Build.0 = Release|Any CPU
		{1E9C5284-DFDC-4AC1-B257-526CB1989876}.Release|x86.ActiveCfg = Release|Any CPU
		{1E9C5284-DFDC-4AC1-B257-526CB1989876}.Staging|Any CPU.ActiveCfg = Staging|Any CPU
		{1E9C5284-DFDC-4AC1-B257-526CB1989876}.Staging|Any CPU.Build.0 = Staging|Any CPU
		{1E9C5284-DFDC-4AC1-B257-526CB1989876}.Staging|Mixed Platforms.ActiveCfg = Staging|Any CPU
		{1E9C5284-DFDC-4AC1-B257-526CB1989876}.Staging|Mixed Platforms.Build.0 = Staging|Any CPU
		{1E9C5284-DFDC-4AC1-B257-526CB1989876}.Staging|x86.ActiveCfg = Staging|Any CPU
		{0CD11D9E-6B6A-4B9C-A13F-CBC20B618D60}.Debug|Any CPU.ActiveCfg = Debug|Any CPU
		{0CD11D9E-6B6A-4B9C-A13F-CBC20B618D60}.Debug|Any CPU.Build.0 = Debug|Any CPU
		{0CD11D9E-6B6A-4B9C-A13F-CBC20B618D60}.Debug|Mixed Platforms.ActiveCfg = Debug|Any CPU
		{0CD11D9E-6B6A-4B9C-A13F-CBC20B618D60}.Debug|Mixed Platforms.Build.0 = Debug|Any CPU
		{0CD11D9E-6B6A-4B9C-A13F-CBC20B618D60}.Debug|x86.ActiveCfg = Debug|Any CPU
		{0CD11D9E-6B6A-4B9C-A13F-CBC20B618D60}.Release|Any CPU.ActiveCfg = Release|Any CPU
		{0CD11D9E-6B6A-4B9C-A13F-CBC20B618D60}.Release|Any CPU.Build.0 = Release|Any CPU
		{0CD11D9E-6B6A-4B9C-A13F-CBC20B618D60}.Release|Mixed Platforms.ActiveCfg = Release|Any CPU
		{0CD11D9E-6B6A-4B9C-A13F-CBC20B618D60}.Release|Mixed Platforms.Build.0 = Release|Any CPU
		{0CD11D9E-6B6A-4B9C-A13F-CBC20B618D60}.Release|x86.ActiveCfg = Release|Any CPU
		{0CD11D9E-6B6A-4B9C-A13F-CBC20B618D60}.Staging|Any CPU.ActiveCfg = Staging|Any CPU
		{0CD11D9E-6B6A-4B9C-A13F-CBC20B618D60}.Staging|Any CPU.Build.0 = Staging|Any CPU
		{0CD11D9E-6B6A-4B9C-A13F-CBC20B618D60}.Staging|Mixed Platforms.ActiveCfg = Staging|Any CPU
		{0CD11D9E-6B6A-4B9C-A13F-CBC20B618D60}.Staging|Mixed Platforms.Build.0 = Staging|Any CPU
		{0CD11D9E-6B6A-4B9C-A13F-CBC20B618D60}.Staging|x86.ActiveCfg = Staging|Any CPU
		{BC299433-48CC-4282-A7F4-3948E054B6AC}.Debug|Any CPU.ActiveCfg = Debug|Any CPU
		{BC299433-48CC-4282-A7F4-3948E054B6AC}.Debug|Any CPU.Build.0 = Debug|Any CPU
		{BC299433-48CC-4282-A7F4-3948E054B6AC}.Debug|Mixed Platforms.ActiveCfg = Debug|Any CPU
		{BC299433-48CC-4282-A7F4-3948E054B6AC}.Debug|Mixed Platforms.Build.0 = Debug|Any CPU
		{BC299433-48CC-4282-A7F4-3948E054B6AC}.Debug|x86.ActiveCfg = Debug|Any CPU
		{BC299433-48CC-4282-A7F4-3948E054B6AC}.Release|Any CPU.ActiveCfg = Release|Any CPU
		{BC299433-48CC-4282-A7F4-3948E054B6AC}.Release|Any CPU.Build.0 = Release|Any CPU
		{BC299433-48CC-4282-A7F4-3948E054B6AC}.Release|Mixed Platforms.ActiveCfg = Release|Any CPU
		{BC299433-48CC-4282-A7F4-3948E054B6AC}.Release|Mixed Platforms.Build.0 = Release|Any CPU
		{BC299433-48CC-4282-A7F4-3948E054B6AC}.Release|x86.ActiveCfg = Release|Any CPU
		{BC299433-48CC-4282-A7F4-3948E054B6AC}.Staging|Any CPU.ActiveCfg = Staging|Any CPU
		{BC299433-48CC-4282-A7F4-3948E054B6AC}.Staging|Any CPU.Build.0 = Staging|Any CPU
		{BC299433-48CC-4282-A7F4-3948E054B6AC}.Staging|Mixed Platforms.ActiveCfg = Staging|Any CPU
		{BC299433-48CC-4282-A7F4-3948E054B6AC}.Staging|Mixed Platforms.Build.0 = Staging|Any CPU
		{BC299433-48CC-4282-A7F4-3948E054B6AC}.Staging|x86.ActiveCfg = Staging|Any CPU
		{A3325236-54EF-462D-9A88-DAD57ADC8D11}.Debug|Any CPU.ActiveCfg = Debug|Any CPU
		{A3325236-54EF-462D-9A88-DAD57ADC8D11}.Debug|Any CPU.Build.0 = Debug|Any CPU
		{A3325236-54EF-462D-9A88-DAD57ADC8D11}.Debug|Mixed Platforms.ActiveCfg = Debug|Any CPU
		{A3325236-54EF-462D-9A88-DAD57ADC8D11}.Debug|Mixed Platforms.Build.0 = Debug|Any CPU
		{A3325236-54EF-462D-9A88-DAD57ADC8D11}.Debug|x86.ActiveCfg = Debug|Any CPU
		{A3325236-54EF-462D-9A88-DAD57ADC8D11}.Release|Any CPU.ActiveCfg = Release|Any CPU
		{A3325236-54EF-462D-9A88-DAD57ADC8D11}.Release|Any CPU.Build.0 = Release|Any CPU
		{A3325236-54EF-462D-9A88-DAD57ADC8D11}.Release|Mixed Platforms.ActiveCfg = Release|Any CPU
		{A3325236-54EF-462D-9A88-DAD57ADC8D11}.Release|Mixed Platforms.Build.0 = Release|Any CPU
		{A3325236-54EF-462D-9A88-DAD57ADC8D11}.Release|x86.ActiveCfg = Release|Any CPU
		{A3325236-54EF-462D-9A88-DAD57ADC8D11}.Staging|Any CPU.ActiveCfg = Staging|Any CPU
		{A3325236-54EF-462D-9A88-DAD57ADC8D11}.Staging|Any CPU.Build.0 = Staging|Any CPU
		{A3325236-54EF-462D-9A88-DAD57ADC8D11}.Staging|Mixed Platforms.ActiveCfg = Staging|Any CPU
		{A3325236-54EF-462D-9A88-DAD57ADC8D11}.Staging|Mixed Platforms.Build.0 = Staging|Any CPU
		{A3325236-54EF-462D-9A88-DAD57ADC8D11}.Staging|x86.ActiveCfg = Staging|Any CPU
		{A5370D41-9479-46AA-B2FB-5CD4467379A1}.Debug|Any CPU.ActiveCfg = Debug|Any CPU
		{A5370D41-9479-46AA-B2FB-5CD4467379A1}.Debug|Any CPU.Build.0 = Debug|Any CPU
		{A5370D41-9479-46AA-B2FB-5CD4467379A1}.Debug|Mixed Platforms.ActiveCfg = Debug|Any CPU
		{A5370D41-9479-46AA-B2FB-5CD4467379A1}.Debug|Mixed Platforms.Build.0 = Debug|Any CPU
		{A5370D41-9479-46AA-B2FB-5CD4467379A1}.Debug|x86.ActiveCfg = Debug|Any CPU
		{A5370D41-9479-46AA-B2FB-5CD4467379A1}.Release|Any CPU.ActiveCfg = Release|Any CPU
		{A5370D41-9479-46AA-B2FB-5CD4467379A1}.Release|Any CPU.Build.0 = Release|Any CPU
		{A5370D41-9479-46AA-B2FB-5CD4467379A1}.Release|Mixed Platforms.ActiveCfg = Release|Any CPU
		{A5370D41-9479-46AA-B2FB-5CD4467379A1}.Release|Mixed Platforms.Build.0 = Release|Any CPU
		{A5370D41-9479-46AA-B2FB-5CD4467379A1}.Release|x86.ActiveCfg = Release|Any CPU
		{A5370D41-9479-46AA-B2FB-5CD4467379A1}.Staging|Any CPU.ActiveCfg = Staging|Any CPU
		{A5370D41-9479-46AA-B2FB-5CD4467379A1}.Staging|Any CPU.Build.0 = Staging|Any CPU
		{A5370D41-9479-46AA-B2FB-5CD4467379A1}.Staging|Mixed Platforms.ActiveCfg = Staging|Any CPU
		{A5370D41-9479-46AA-B2FB-5CD4467379A1}.Staging|Mixed Platforms.Build.0 = Staging|Any CPU
		{A5370D41-9479-46AA-B2FB-5CD4467379A1}.Staging|x86.ActiveCfg = Staging|Any CPU
		{FE52A16D-0E4A-4794-AF54-4CA066608FF9}.Debug|Any CPU.ActiveCfg = Debug|Any CPU
		{FE52A16D-0E4A-4794-AF54-4CA066608FF9}.Debug|Any CPU.Build.0 = Debug|Any CPU
		{FE52A16D-0E4A-4794-AF54-4CA066608FF9}.Debug|Mixed Platforms.ActiveCfg = Debug|Any CPU
		{FE52A16D-0E4A-4794-AF54-4CA066608FF9}.Debug|Mixed Platforms.Build.0 = Debug|Any CPU
		{FE52A16D-0E4A-4794-AF54-4CA066608FF9}.Debug|x86.ActiveCfg = Debug|Any CPU
		{FE52A16D-0E4A-4794-AF54-4CA066608FF9}.Release|Any CPU.ActiveCfg = Release|Any CPU
		{FE52A16D-0E4A-4794-AF54-4CA066608FF9}.Release|Any CPU.Build.0 = Release|Any CPU
		{FE52A16D-0E4A-4794-AF54-4CA066608FF9}.Release|Mixed Platforms.ActiveCfg = Release|Any CPU
		{FE52A16D-0E4A-4794-AF54-4CA066608FF9}.Release|Mixed Platforms.Build.0 = Release|Any CPU
		{FE52A16D-0E4A-4794-AF54-4CA066608FF9}.Release|x86.ActiveCfg = Release|Any CPU
		{FE52A16D-0E4A-4794-AF54-4CA066608FF9}.Staging|Any CPU.ActiveCfg = Staging|Any CPU
		{FE52A16D-0E4A-4794-AF54-4CA066608FF9}.Staging|Any CPU.Build.0 = Staging|Any CPU
		{FE52A16D-0E4A-4794-AF54-4CA066608FF9}.Staging|Mixed Platforms.ActiveCfg = Staging|Any CPU
		{FE52A16D-0E4A-4794-AF54-4CA066608FF9}.Staging|Mixed Platforms.Build.0 = Staging|Any CPU
		{FE52A16D-0E4A-4794-AF54-4CA066608FF9}.Staging|x86.ActiveCfg = Staging|Any CPU
		{4DDA5EBD-9E52-41CE-82F2-FDF4F87FA41B}.Debug|Any CPU.ActiveCfg = Debug|Any CPU
		{4DDA5EBD-9E52-41CE-82F2-FDF4F87FA41B}.Debug|Any CPU.Build.0 = Debug|Any CPU
		{4DDA5EBD-9E52-41CE-82F2-FDF4F87FA41B}.Debug|Mixed Platforms.ActiveCfg = Debug|Any CPU
		{4DDA5EBD-9E52-41CE-82F2-FDF4F87FA41B}.Debug|Mixed Platforms.Build.0 = Debug|Any CPU
		{4DDA5EBD-9E52-41CE-82F2-FDF4F87FA41B}.Debug|x86.ActiveCfg = Debug|Any CPU
		{4DDA5EBD-9E52-41CE-82F2-FDF4F87FA41B}.Release|Any CPU.ActiveCfg = Release|Any CPU
		{4DDA5EBD-9E52-41CE-82F2-FDF4F87FA41B}.Release|Any CPU.Build.0 = Release|Any CPU
		{4DDA5EBD-9E52-41CE-82F2-FDF4F87FA41B}.Release|Mixed Platforms.ActiveCfg = Release|Any CPU
		{4DDA5EBD-9E52-41CE-82F2-FDF4F87FA41B}.Release|Mixed Platforms.Build.0 = Release|Any CPU
		{4DDA5EBD-9E52-41CE-82F2-FDF4F87FA41B}.Release|x86.ActiveCfg = Release|Any CPU
		{4DDA5EBD-9E52-41CE-82F2-FDF4F87FA41B}.Staging|Any CPU.ActiveCfg = Staging|Any CPU
		{4DDA5EBD-9E52-41CE-82F2-FDF4F87FA41B}.Staging|Any CPU.Build.0 = Staging|Any CPU
		{4DDA5EBD-9E52-41CE-82F2-FDF4F87FA41B}.Staging|Mixed Platforms.ActiveCfg = Staging|Any CPU
		{4DDA5EBD-9E52-41CE-82F2-FDF4F87FA41B}.Staging|Mixed Platforms.Build.0 = Staging|Any CPU
		{4DDA5EBD-9E52-41CE-82F2-FDF4F87FA41B}.Staging|x86.ActiveCfg = Staging|Any CPU
		{0F0AB57A-E5E0-46CB-AE5D-3CE5FA559BFC}.Debug|Any CPU.ActiveCfg = Debug|Any CPU
		{0F0AB57A-E5E0-46CB-AE5D-3CE5FA559BFC}.Debug|Any CPU.Build.0 = Debug|Any CPU
		{0F0AB57A-E5E0-46CB-AE5D-3CE5FA559BFC}.Debug|Mixed Platforms.ActiveCfg = Debug|Any CPU
		{0F0AB57A-E5E0-46CB-AE5D-3CE5FA559BFC}.Debug|Mixed Platforms.Build.0 = Debug|Any CPU
		{0F0AB57A-E5E0-46CB-AE5D-3CE5FA559BFC}.Debug|x86.ActiveCfg = Debug|Any CPU
		{0F0AB57A-E5E0-46CB-AE5D-3CE5FA559BFC}.Release|Any CPU.ActiveCfg = Release|Any CPU
		{0F0AB57A-E5E0-46CB-AE5D-3CE5FA559BFC}.Release|Any CPU.Build.0 = Release|Any CPU
		{0F0AB57A-E5E0-46CB-AE5D-3CE5FA559BFC}.Release|Mixed Platforms.ActiveCfg = Release|Any CPU
		{0F0AB57A-E5E0-46CB-AE5D-3CE5FA559BFC}.Release|Mixed Platforms.Build.0 = Release|Any CPU
		{0F0AB57A-E5E0-46CB-AE5D-3CE5FA559BFC}.Release|x86.ActiveCfg = Release|Any CPU
		{0F0AB57A-E5E0-46CB-AE5D-3CE5FA559BFC}.Staging|Any CPU.ActiveCfg = Staging|Any CPU
		{0F0AB57A-E5E0-46CB-AE5D-3CE5FA559BFC}.Staging|Any CPU.Build.0 = Staging|Any CPU
		{0F0AB57A-E5E0-46CB-AE5D-3CE5FA559BFC}.Staging|Mixed Platforms.ActiveCfg = Staging|Any CPU
		{0F0AB57A-E5E0-46CB-AE5D-3CE5FA559BFC}.Staging|Mixed Platforms.Build.0 = Staging|Any CPU
		{0F0AB57A-E5E0-46CB-AE5D-3CE5FA559BFC}.Staging|x86.ActiveCfg = Staging|Any CPU
		{0063E0A0-3B61-4358-9534-3C6A9AA90CB0}.Debug|Any CPU.ActiveCfg = Debug|Any CPU
		{0063E0A0-3B61-4358-9534-3C6A9AA90CB0}.Debug|Any CPU.Build.0 = Debug|Any CPU
		{0063E0A0-3B61-4358-9534-3C6A9AA90CB0}.Debug|Mixed Platforms.ActiveCfg = Debug|Any CPU
		{0063E0A0-3B61-4358-9534-3C6A9AA90CB0}.Debug|Mixed Platforms.Build.0 = Debug|Any CPU
		{0063E0A0-3B61-4358-9534-3C6A9AA90CB0}.Debug|x86.ActiveCfg = Debug|Any CPU
		{0063E0A0-3B61-4358-9534-3C6A9AA90CB0}.Release|Any CPU.ActiveCfg = Release|Any CPU
		{0063E0A0-3B61-4358-9534-3C6A9AA90CB0}.Release|Any CPU.Build.0 = Release|Any CPU
		{0063E0A0-3B61-4358-9534-3C6A9AA90CB0}.Release|Mixed Platforms.ActiveCfg = Release|Any CPU
		{0063E0A0-3B61-4358-9534-3C6A9AA90CB0}.Release|Mixed Platforms.Build.0 = Release|Any CPU
		{0063E0A0-3B61-4358-9534-3C6A9AA90CB0}.Release|x86.ActiveCfg = Release|Any CPU
		{0063E0A0-3B61-4358-9534-3C6A9AA90CB0}.Staging|Any CPU.ActiveCfg = Staging|Any CPU
		{0063E0A0-3B61-4358-9534-3C6A9AA90CB0}.Staging|Any CPU.Build.0 = Staging|Any CPU
		{0063E0A0-3B61-4358-9534-3C6A9AA90CB0}.Staging|Mixed Platforms.ActiveCfg = Staging|Any CPU
		{0063E0A0-3B61-4358-9534-3C6A9AA90CB0}.Staging|Mixed Platforms.Build.0 = Staging|Any CPU
		{0063E0A0-3B61-4358-9534-3C6A9AA90CB0}.Staging|x86.ActiveCfg = Staging|Any CPU
		{B3F798A0-A219-49EA-8A25-183A91662E82}.Debug|Any CPU.ActiveCfg = Debug|Any CPU
		{B3F798A0-A219-49EA-8A25-183A91662E82}.Debug|Any CPU.Build.0 = Debug|Any CPU
		{B3F798A0-A219-49EA-8A25-183A91662E82}.Debug|Mixed Platforms.ActiveCfg = Debug|Any CPU
		{B3F798A0-A219-49EA-8A25-183A91662E82}.Debug|Mixed Platforms.Build.0 = Debug|Any CPU
		{B3F798A0-A219-49EA-8A25-183A91662E82}.Debug|x86.ActiveCfg = Debug|Any CPU
		{B3F798A0-A219-49EA-8A25-183A91662E82}.Release|Any CPU.ActiveCfg = Release|Any CPU
		{B3F798A0-A219-49EA-8A25-183A91662E82}.Release|Any CPU.Build.0 = Release|Any CPU
		{B3F798A0-A219-49EA-8A25-183A91662E82}.Release|Mixed Platforms.ActiveCfg = Release|Any CPU
		{B3F798A0-A219-49EA-8A25-183A91662E82}.Release|Mixed Platforms.Build.0 = Release|Any CPU
		{B3F798A0-A219-49EA-8A25-183A91662E82}.Release|x86.ActiveCfg = Release|Any CPU
		{B3F798A0-A219-49EA-8A25-183A91662E82}.Staging|Any CPU.ActiveCfg = Staging|Any CPU
		{B3F798A0-A219-49EA-8A25-183A91662E82}.Staging|Any CPU.Build.0 = Staging|Any CPU
		{B3F798A0-A219-49EA-8A25-183A91662E82}.Staging|Mixed Platforms.ActiveCfg = Staging|Any CPU
		{B3F798A0-A219-49EA-8A25-183A91662E82}.Staging|Mixed Platforms.Build.0 = Staging|Any CPU
		{B3F798A0-A219-49EA-8A25-183A91662E82}.Staging|x86.ActiveCfg = Staging|Any CPU
		{C7D3C627-311F-4395-BE3C-953F1F715C74}.Debug|Any CPU.ActiveCfg = Debug|Any CPU
		{C7D3C627-311F-4395-BE3C-953F1F715C74}.Debug|Any CPU.Build.0 = Debug|Any CPU
		{C7D3C627-311F-4395-BE3C-953F1F715C74}.Debug|Mixed Platforms.ActiveCfg = Debug|Any CPU
		{C7D3C627-311F-4395-BE3C-953F1F715C74}.Debug|Mixed Platforms.Build.0 = Debug|Any CPU
		{C7D3C627-311F-4395-BE3C-953F1F715C74}.Debug|x86.ActiveCfg = Debug|Any CPU
		{C7D3C627-311F-4395-BE3C-953F1F715C74}.Release|Any CPU.ActiveCfg = Release|Any CPU
		{C7D3C627-311F-4395-BE3C-953F1F715C74}.Release|Any CPU.Build.0 = Release|Any CPU
		{C7D3C627-311F-4395-BE3C-953F1F715C74}.Release|Mixed Platforms.ActiveCfg = Release|Any CPU
		{C7D3C627-311F-4395-BE3C-953F1F715C74}.Release|Mixed Platforms.Build.0 = Release|Any CPU
		{C7D3C627-311F-4395-BE3C-953F1F715C74}.Release|x86.ActiveCfg = Release|Any CPU
		{C7D3C627-311F-4395-BE3C-953F1F715C74}.Staging|Any CPU.ActiveCfg = Staging|Any CPU
		{C7D3C627-311F-4395-BE3C-953F1F715C74}.Staging|Any CPU.Build.0 = Staging|Any CPU
		{C7D3C627-311F-4395-BE3C-953F1F715C74}.Staging|Mixed Platforms.ActiveCfg = Staging|Any CPU
		{C7D3C627-311F-4395-BE3C-953F1F715C74}.Staging|Mixed Platforms.Build.0 = Staging|Any CPU
		{C7D3C627-311F-4395-BE3C-953F1F715C74}.Staging|x86.ActiveCfg = Staging|Any CPU
		{6EDE29D2-7189-45FE-B665-474457383C0D}.Debug|Any CPU.ActiveCfg = Debug|Any CPU
		{6EDE29D2-7189-45FE-B665-474457383C0D}.Debug|Any CPU.Build.0 = Debug|Any CPU
		{6EDE29D2-7189-45FE-B665-474457383C0D}.Debug|Mixed Platforms.ActiveCfg = Debug|Any CPU
		{6EDE29D2-7189-45FE-B665-474457383C0D}.Debug|Mixed Platforms.Build.0 = Debug|Any CPU
		{6EDE29D2-7189-45FE-B665-474457383C0D}.Debug|x86.ActiveCfg = Debug|Any CPU
		{6EDE29D2-7189-45FE-B665-474457383C0D}.Release|Any CPU.ActiveCfg = Release|Any CPU
		{6EDE29D2-7189-45FE-B665-474457383C0D}.Release|Any CPU.Build.0 = Release|Any CPU
		{6EDE29D2-7189-45FE-B665-474457383C0D}.Release|Mixed Platforms.ActiveCfg = Release|Any CPU
		{6EDE29D2-7189-45FE-B665-474457383C0D}.Release|Mixed Platforms.Build.0 = Release|Any CPU
		{6EDE29D2-7189-45FE-B665-474457383C0D}.Release|x86.ActiveCfg = Release|Any CPU
		{6EDE29D2-7189-45FE-B665-474457383C0D}.Staging|Any CPU.ActiveCfg = Staging|Any CPU
		{6EDE29D2-7189-45FE-B665-474457383C0D}.Staging|Any CPU.Build.0 = Staging|Any CPU
		{6EDE29D2-7189-45FE-B665-474457383C0D}.Staging|Mixed Platforms.ActiveCfg = Staging|Any CPU
		{6EDE29D2-7189-45FE-B665-474457383C0D}.Staging|Mixed Platforms.Build.0 = Staging|Any CPU
		{6EDE29D2-7189-45FE-B665-474457383C0D}.Staging|x86.ActiveCfg = Staging|Any CPU
		{EAF5BF18-557E-4910-AB61-325220A95AB3}.Debug|Any CPU.ActiveCfg = Debug|Any CPU
		{EAF5BF18-557E-4910-AB61-325220A95AB3}.Debug|Any CPU.Build.0 = Debug|Any CPU
		{EAF5BF18-557E-4910-AB61-325220A95AB3}.Debug|Mixed Platforms.ActiveCfg = Debug|Any CPU
		{EAF5BF18-557E-4910-AB61-325220A95AB3}.Debug|Mixed Platforms.Build.0 = Debug|Any CPU
		{EAF5BF18-557E-4910-AB61-325220A95AB3}.Debug|x86.ActiveCfg = Debug|Any CPU
		{EAF5BF18-557E-4910-AB61-325220A95AB3}.Release|Any CPU.ActiveCfg = Release|Any CPU
		{EAF5BF18-557E-4910-AB61-325220A95AB3}.Release|Any CPU.Build.0 = Release|Any CPU
		{EAF5BF18-557E-4910-AB61-325220A95AB3}.Release|Mixed Platforms.ActiveCfg = Release|Any CPU
		{EAF5BF18-557E-4910-AB61-325220A95AB3}.Release|Mixed Platforms.Build.0 = Release|Any CPU
		{EAF5BF18-557E-4910-AB61-325220A95AB3}.Release|x86.ActiveCfg = Release|Any CPU
		{EAF5BF18-557E-4910-AB61-325220A95AB3}.Staging|Any CPU.ActiveCfg = Staging|Any CPU
		{EAF5BF18-557E-4910-AB61-325220A95AB3}.Staging|Any CPU.Build.0 = Staging|Any CPU
		{EAF5BF18-557E-4910-AB61-325220A95AB3}.Staging|Mixed Platforms.ActiveCfg = Staging|Any CPU
		{EAF5BF18-557E-4910-AB61-325220A95AB3}.Staging|Mixed Platforms.Build.0 = Staging|Any CPU
		{EAF5BF18-557E-4910-AB61-325220A95AB3}.Staging|x86.ActiveCfg = Staging|Any CPU
		{C4EEBE13-1252-460C-9C37-586A52012BD7}.Debug|Any CPU.ActiveCfg = Debug|Any CPU
		{C4EEBE13-1252-460C-9C37-586A52012BD7}.Debug|Any CPU.Build.0 = Debug|Any CPU
		{C4EEBE13-1252-460C-9C37-586A52012BD7}.Debug|Mixed Platforms.ActiveCfg = Debug|Any CPU
		{C4EEBE13-1252-460C-9C37-586A52012BD7}.Debug|Mixed Platforms.Build.0 = Debug|Any CPU
		{C4EEBE13-1252-460C-9C37-586A52012BD7}.Debug|x86.ActiveCfg = Debug|Any CPU
		{C4EEBE13-1252-460C-9C37-586A52012BD7}.Release|Any CPU.ActiveCfg = Release|Any CPU
		{C4EEBE13-1252-460C-9C37-586A52012BD7}.Release|Any CPU.Build.0 = Release|Any CPU
		{C4EEBE13-1252-460C-9C37-586A52012BD7}.Release|Mixed Platforms.ActiveCfg = Release|Any CPU
		{C4EEBE13-1252-460C-9C37-586A52012BD7}.Release|Mixed Platforms.Build.0 = Release|Any CPU
		{C4EEBE13-1252-460C-9C37-586A52012BD7}.Release|x86.ActiveCfg = Release|Any CPU
		{C4EEBE13-1252-460C-9C37-586A52012BD7}.Staging|Any CPU.ActiveCfg = Release|Any CPU
		{C4EEBE13-1252-460C-9C37-586A52012BD7}.Staging|Any CPU.Build.0 = Release|Any CPU
		{C4EEBE13-1252-460C-9C37-586A52012BD7}.Staging|Mixed Platforms.ActiveCfg = Release|Any CPU
		{C4EEBE13-1252-460C-9C37-586A52012BD7}.Staging|Mixed Platforms.Build.0 = Release|Any CPU
		{C4EEBE13-1252-460C-9C37-586A52012BD7}.Staging|x86.ActiveCfg = Release|Any CPU
		{92B3822C-13DF-4D2A-94FC-1C5D2C10933B}.Debug|Any CPU.ActiveCfg = Debug|Any CPU
		{92B3822C-13DF-4D2A-94FC-1C5D2C10933B}.Debug|Any CPU.Build.0 = Debug|Any CPU
		{92B3822C-13DF-4D2A-94FC-1C5D2C10933B}.Debug|Mixed Platforms.ActiveCfg = Debug|Any CPU
		{92B3822C-13DF-4D2A-94FC-1C5D2C10933B}.Debug|Mixed Platforms.Build.0 = Debug|Any CPU
		{92B3822C-13DF-4D2A-94FC-1C5D2C10933B}.Debug|x86.ActiveCfg = Debug|Any CPU
		{92B3822C-13DF-4D2A-94FC-1C5D2C10933B}.Release|Any CPU.ActiveCfg = Release|Any CPU
		{92B3822C-13DF-4D2A-94FC-1C5D2C10933B}.Release|Any CPU.Build.0 = Release|Any CPU
		{92B3822C-13DF-4D2A-94FC-1C5D2C10933B}.Release|Mixed Platforms.ActiveCfg = Release|Any CPU
		{92B3822C-13DF-4D2A-94FC-1C5D2C10933B}.Release|Mixed Platforms.Build.0 = Release|Any CPU
		{92B3822C-13DF-4D2A-94FC-1C5D2C10933B}.Release|x86.ActiveCfg = Release|Any CPU
		{92B3822C-13DF-4D2A-94FC-1C5D2C10933B}.Staging|Any CPU.ActiveCfg = Staging|Any CPU
		{92B3822C-13DF-4D2A-94FC-1C5D2C10933B}.Staging|Any CPU.Build.0 = Staging|Any CPU
		{92B3822C-13DF-4D2A-94FC-1C5D2C10933B}.Staging|Mixed Platforms.ActiveCfg = Staging|Any CPU
		{92B3822C-13DF-4D2A-94FC-1C5D2C10933B}.Staging|Mixed Platforms.Build.0 = Staging|Any CPU
		{92B3822C-13DF-4D2A-94FC-1C5D2C10933B}.Staging|x86.ActiveCfg = Staging|Any CPU
		{4ACB0361-8BDA-4A1F-A462-E77D834C178D}.Debug|Any CPU.ActiveCfg = Debug|Any CPU
		{4ACB0361-8BDA-4A1F-A462-E77D834C178D}.Debug|Any CPU.Build.0 = Debug|Any CPU
		{4ACB0361-8BDA-4A1F-A462-E77D834C178D}.Debug|Mixed Platforms.ActiveCfg = Debug|Any CPU
		{4ACB0361-8BDA-4A1F-A462-E77D834C178D}.Debug|Mixed Platforms.Build.0 = Debug|Any CPU
		{4ACB0361-8BDA-4A1F-A462-E77D834C178D}.Debug|x86.ActiveCfg = Debug|Any CPU
		{4ACB0361-8BDA-4A1F-A462-E77D834C178D}.Release|Any CPU.ActiveCfg = Release|Any CPU
		{4ACB0361-8BDA-4A1F-A462-E77D834C178D}.Release|Any CPU.Build.0 = Release|Any CPU
		{4ACB0361-8BDA-4A1F-A462-E77D834C178D}.Release|Mixed Platforms.ActiveCfg = Release|Any CPU
		{4ACB0361-8BDA-4A1F-A462-E77D834C178D}.Release|Mixed Platforms.Build.0 = Release|Any CPU
		{4ACB0361-8BDA-4A1F-A462-E77D834C178D}.Release|x86.ActiveCfg = Release|Any CPU
		{4ACB0361-8BDA-4A1F-A462-E77D834C178D}.Staging|Any CPU.ActiveCfg = Release|Any CPU
		{4ACB0361-8BDA-4A1F-A462-E77D834C178D}.Staging|Any CPU.Build.0 = Release|Any CPU
		{4ACB0361-8BDA-4A1F-A462-E77D834C178D}.Staging|Mixed Platforms.ActiveCfg = Release|Any CPU
		{4ACB0361-8BDA-4A1F-A462-E77D834C178D}.Staging|Mixed Platforms.Build.0 = Release|Any CPU
		{4ACB0361-8BDA-4A1F-A462-E77D834C178D}.Staging|x86.ActiveCfg = Release|Any CPU
		{1F63B9DA-1BD8-43B9-8EAE-A87684E5CE59}.Debug|Any CPU.ActiveCfg = Debug|Any CPU
		{1F63B9DA-1BD8-43B9-8EAE-A87684E5CE59}.Debug|Any CPU.Build.0 = Debug|Any CPU
		{1F63B9DA-1BD8-43B9-8EAE-A87684E5CE59}.Debug|Mixed Platforms.ActiveCfg = Debug|Any CPU
		{1F63B9DA-1BD8-43B9-8EAE-A87684E5CE59}.Debug|Mixed Platforms.Build.0 = Debug|Any CPU
		{1F63B9DA-1BD8-43B9-8EAE-A87684E5CE59}.Debug|x86.ActiveCfg = Debug|Any CPU
		{1F63B9DA-1BD8-43B9-8EAE-A87684E5CE59}.Release|Any CPU.ActiveCfg = Release|Any CPU
		{1F63B9DA-1BD8-43B9-8EAE-A87684E5CE59}.Release|Any CPU.Build.0 = Release|Any CPU
		{1F63B9DA-1BD8-43B9-8EAE-A87684E5CE59}.Release|Mixed Platforms.ActiveCfg = Release|Any CPU
		{1F63B9DA-1BD8-43B9-8EAE-A87684E5CE59}.Release|Mixed Platforms.Build.0 = Release|Any CPU
		{1F63B9DA-1BD8-43B9-8EAE-A87684E5CE59}.Release|x86.ActiveCfg = Release|Any CPU
		{1F63B9DA-1BD8-43B9-8EAE-A87684E5CE59}.Staging|Any CPU.ActiveCfg = Release|Any CPU
		{1F63B9DA-1BD8-43B9-8EAE-A87684E5CE59}.Staging|Any CPU.Build.0 = Release|Any CPU
		{1F63B9DA-1BD8-43B9-8EAE-A87684E5CE59}.Staging|Mixed Platforms.ActiveCfg = Release|Any CPU
		{1F63B9DA-1BD8-43B9-8EAE-A87684E5CE59}.Staging|Mixed Platforms.Build.0 = Release|Any CPU
		{1F63B9DA-1BD8-43B9-8EAE-A87684E5CE59}.Staging|x86.ActiveCfg = Release|Any CPU
		{54D0AFE4-0CD1-414D-AD1F-B9424250673A}.Debug|Any CPU.ActiveCfg = Debug|Any CPU
		{54D0AFE4-0CD1-414D-AD1F-B9424250673A}.Debug|Any CPU.Build.0 = Debug|Any CPU
		{54D0AFE4-0CD1-414D-AD1F-B9424250673A}.Debug|Mixed Platforms.ActiveCfg = Debug|Any CPU
		{54D0AFE4-0CD1-414D-AD1F-B9424250673A}.Debug|Mixed Platforms.Build.0 = Debug|Any CPU
		{54D0AFE4-0CD1-414D-AD1F-B9424250673A}.Debug|x86.ActiveCfg = Debug|Any CPU
		{54D0AFE4-0CD1-414D-AD1F-B9424250673A}.Release|Any CPU.ActiveCfg = Release|Any CPU
		{54D0AFE4-0CD1-414D-AD1F-B9424250673A}.Release|Any CPU.Build.0 = Release|Any CPU
		{54D0AFE4-0CD1-414D-AD1F-B9424250673A}.Release|Mixed Platforms.ActiveCfg = Release|Any CPU
		{54D0AFE4-0CD1-414D-AD1F-B9424250673A}.Release|Mixed Platforms.Build.0 = Release|Any CPU
		{54D0AFE4-0CD1-414D-AD1F-B9424250673A}.Release|x86.ActiveCfg = Release|Any CPU
		{54D0AFE4-0CD1-414D-AD1F-B9424250673A}.Staging|Any CPU.ActiveCfg = Staging|Any CPU
		{54D0AFE4-0CD1-414D-AD1F-B9424250673A}.Staging|Any CPU.Build.0 = Staging|Any CPU
		{54D0AFE4-0CD1-414D-AD1F-B9424250673A}.Staging|Mixed Platforms.ActiveCfg = Staging|Any CPU
		{54D0AFE4-0CD1-414D-AD1F-B9424250673A}.Staging|Mixed Platforms.Build.0 = Staging|Any CPU
		{54D0AFE4-0CD1-414D-AD1F-B9424250673A}.Staging|x86.ActiveCfg = Staging|Any CPU
		{12606E51-D980-4A0C-A23A-88FD680C3D63}.Debug|Any CPU.ActiveCfg = Debug|x86
		{12606E51-D980-4A0C-A23A-88FD680C3D63}.Debug|Any CPU.Build.0 = Debug|x86
		{12606E51-D980-4A0C-A23A-88FD680C3D63}.Debug|Mixed Platforms.ActiveCfg = Debug|x86
		{12606E51-D980-4A0C-A23A-88FD680C3D63}.Debug|Mixed Platforms.Build.0 = Debug|x86
		{12606E51-D980-4A0C-A23A-88FD680C3D63}.Debug|x86.ActiveCfg = Debug|x86
		{12606E51-D980-4A0C-A23A-88FD680C3D63}.Debug|x86.Build.0 = Debug|x86
		{12606E51-D980-4A0C-A23A-88FD680C3D63}.Release|Any CPU.ActiveCfg = Release|x86
		{12606E51-D980-4A0C-A23A-88FD680C3D63}.Release|Any CPU.Build.0 = Release|x86
		{12606E51-D980-4A0C-A23A-88FD680C3D63}.Release|Mixed Platforms.ActiveCfg = Release|x86
		{12606E51-D980-4A0C-A23A-88FD680C3D63}.Release|Mixed Platforms.Build.0 = Release|x86
		{12606E51-D980-4A0C-A23A-88FD680C3D63}.Release|x86.ActiveCfg = Release|x86
		{12606E51-D980-4A0C-A23A-88FD680C3D63}.Release|x86.Build.0 = Release|x86
		{12606E51-D980-4A0C-A23A-88FD680C3D63}.Staging|Any CPU.ActiveCfg = Staging|Any CPU
		{12606E51-D980-4A0C-A23A-88FD680C3D63}.Staging|Any CPU.Build.0 = Staging|Any CPU
		{12606E51-D980-4A0C-A23A-88FD680C3D63}.Staging|Mixed Platforms.ActiveCfg = Release|x86
		{12606E51-D980-4A0C-A23A-88FD680C3D63}.Staging|Mixed Platforms.Build.0 = Release|x86
		{12606E51-D980-4A0C-A23A-88FD680C3D63}.Staging|x86.ActiveCfg = Release|x86
		{12606E51-D980-4A0C-A23A-88FD680C3D63}.Staging|x86.Build.0 = Release|x86
		{19EC1BBA-9846-4F88-84BA-51D551901D00}.Debug|Any CPU.ActiveCfg = Debug|x86
		{19EC1BBA-9846-4F88-84BA-51D551901D00}.Debug|Any CPU.Build.0 = Debug|x86
		{19EC1BBA-9846-4F88-84BA-51D551901D00}.Debug|Mixed Platforms.ActiveCfg = Debug|x86
		{19EC1BBA-9846-4F88-84BA-51D551901D00}.Debug|Mixed Platforms.Build.0 = Debug|x86
		{19EC1BBA-9846-4F88-84BA-51D551901D00}.Debug|x86.ActiveCfg = Debug|x86
		{19EC1BBA-9846-4F88-84BA-51D551901D00}.Debug|x86.Build.0 = Debug|x86
		{19EC1BBA-9846-4F88-84BA-51D551901D00}.Release|Any CPU.ActiveCfg = Release|x86
		{19EC1BBA-9846-4F88-84BA-51D551901D00}.Release|Any CPU.Build.0 = Release|x86
		{19EC1BBA-9846-4F88-84BA-51D551901D00}.Release|Mixed Platforms.ActiveCfg = Release|x86
		{19EC1BBA-9846-4F88-84BA-51D551901D00}.Release|Mixed Platforms.Build.0 = Release|x86
		{19EC1BBA-9846-4F88-84BA-51D551901D00}.Release|x86.ActiveCfg = Release|x86
		{19EC1BBA-9846-4F88-84BA-51D551901D00}.Release|x86.Build.0 = Release|x86
		{19EC1BBA-9846-4F88-84BA-51D551901D00}.Staging|Any CPU.ActiveCfg = Staging|x86
		{19EC1BBA-9846-4F88-84BA-51D551901D00}.Staging|Any CPU.Build.0 = Staging|x86
		{19EC1BBA-9846-4F88-84BA-51D551901D00}.Staging|Mixed Platforms.ActiveCfg = Release|x86
		{19EC1BBA-9846-4F88-84BA-51D551901D00}.Staging|Mixed Platforms.Build.0 = Release|x86
		{19EC1BBA-9846-4F88-84BA-51D551901D00}.Staging|x86.ActiveCfg = Release|x86
		{19EC1BBA-9846-4F88-84BA-51D551901D00}.Staging|x86.Build.0 = Release|x86
		{C6D3831D-9867-463C-9447-E4637F3C9A27}.Debug|Any CPU.ActiveCfg = Debug|Any CPU
		{C6D3831D-9867-463C-9447-E4637F3C9A27}.Debug|Any CPU.Build.0 = Debug|Any CPU
		{C6D3831D-9867-463C-9447-E4637F3C9A27}.Debug|Mixed Platforms.ActiveCfg = Debug|Any CPU
		{C6D3831D-9867-463C-9447-E4637F3C9A27}.Debug|Mixed Platforms.Build.0 = Debug|Any CPU
		{C6D3831D-9867-463C-9447-E4637F3C9A27}.Debug|x86.ActiveCfg = Debug|Any CPU
		{C6D3831D-9867-463C-9447-E4637F3C9A27}.Release|Any CPU.ActiveCfg = Release|Any CPU
		{C6D3831D-9867-463C-9447-E4637F3C9A27}.Release|Any CPU.Build.0 = Release|Any CPU
		{C6D3831D-9867-463C-9447-E4637F3C9A27}.Release|Mixed Platforms.ActiveCfg = Release|Any CPU
		{C6D3831D-9867-463C-9447-E4637F3C9A27}.Release|Mixed Platforms.Build.0 = Release|Any CPU
		{C6D3831D-9867-463C-9447-E4637F3C9A27}.Release|x86.ActiveCfg = Release|Any CPU
		{C6D3831D-9867-463C-9447-E4637F3C9A27}.Staging|Any CPU.ActiveCfg = Staging|Any CPU
		{C6D3831D-9867-463C-9447-E4637F3C9A27}.Staging|Any CPU.Build.0 = Staging|Any CPU
		{C6D3831D-9867-463C-9447-E4637F3C9A27}.Staging|Mixed Platforms.ActiveCfg = Release|Any CPU
		{C6D3831D-9867-463C-9447-E4637F3C9A27}.Staging|Mixed Platforms.Build.0 = Release|Any CPU
		{C6D3831D-9867-463C-9447-E4637F3C9A27}.Staging|x86.ActiveCfg = Release|Any CPU
	EndGlobalSection
	GlobalSection(SolutionProperties) = preSolution
		HideSolutionNode = FALSE
	EndGlobalSection
	GlobalSection(NestedProjects) = preSolution
		{0CD11D9E-6B6A-4B9C-A13F-CBC20B618D60} = {3B58EEF7-A232-41B5-AAA1-78F46A8B65BA}
		{BC299433-48CC-4282-A7F4-3948E054B6AC} = {3B58EEF7-A232-41B5-AAA1-78F46A8B65BA}
		{4DDA5EBD-9E52-41CE-82F2-FDF4F87FA41B} = {3B427A33-480F-4312-A049-06BFE5C4EBCC}
		{0F0AB57A-E5E0-46CB-AE5D-3CE5FA559BFC} = {3B58EEF7-A232-41B5-AAA1-78F46A8B65BA}
		{6EDE29D2-7189-45FE-B665-474457383C0D} = {3B427A33-480F-4312-A049-06BFE5C4EBCC}
		{EAF5BF18-557E-4910-AB61-325220A95AB3} = {3B427A33-480F-4312-A049-06BFE5C4EBCC}
		{C4EEBE13-1252-460C-9C37-586A52012BD7} = {3B427A33-480F-4312-A049-06BFE5C4EBCC}
		{92B3822C-13DF-4D2A-94FC-1C5D2C10933B} = {3B427A33-480F-4312-A049-06BFE5C4EBCC}
		{4ACB0361-8BDA-4A1F-A462-E77D834C178D} = {3B427A33-480F-4312-A049-06BFE5C4EBCC}
		{1F63B9DA-1BD8-43B9-8EAE-A87684E5CE59} = {3B427A33-480F-4312-A049-06BFE5C4EBCC}
		{12606E51-D980-4A0C-A23A-88FD680C3D63} = {C272FC80-8627-49E6-8568-24C79114EC9D}
		{19EC1BBA-9846-4F88-84BA-51D551901D00} = {C272FC80-8627-49E6-8568-24C79114EC9D}
		{C6D3831D-9867-463C-9447-E4637F3C9A27} = {C272FC80-8627-49E6-8568-24C79114EC9D}
	EndGlobalSection
EndGlobal
