
Microsoft Visual Studio Solution File, Format Version 12.00
# Visual Studio 2013
VisualStudioVersion = 12.0.31101.0
MinimumVisualStudioVersion = 10.0.40219.1
Project("{2150E333-8FDC-42A3-9474-1A3956D46DE8}") = "Tests", "Tests", "{3B427A33-480F-4312-A049-06BFE5C4EBCC}"
EndProject
Project("{FAE04EC0-301F-11D3-BF4B-00C04F79EFBC}") = "OmniCommon", "OmniCommon\OmniCommon.csproj", "{1E9C5284-DFDC-4AC1-B257-526CB1989876}"
EndProject
Project("{FAE04EC0-301F-11D3-BF4B-00C04F79EFBC}") = "WindowsImports", "WindowsImports\WindowsImports.csproj", "{A3325236-54EF-462D-9A88-DAD57ADC8D11}"
EndProject
Project("{FAE04EC0-301F-11D3-BF4B-00C04F79EFBC}") = "Omnipaste", "Omnipaste\Omnipaste.csproj", "{A5370D41-9479-46AA-B2FB-5CD4467379A1}"
EndProject
Project("{FAE04EC0-301F-11D3-BF4B-00C04F79EFBC}") = "OmniApi", "OmniApi\OmniApi.csproj", "{FE52A16D-0E4A-4794-AF54-4CA066608FF9}"
EndProject
Project("{FAE04EC0-301F-11D3-BF4B-00C04F79EFBC}") = "OmniApiTests", "Tests\OmniApiTests\OmniApiTests.csproj", "{4DDA5EBD-9E52-41CE-82F2-FDF4F87FA41B}"
EndProject
Project("{FAE04EC0-301F-11D3-BF4B-00C04F79EFBC}") = "OmniSync", "OmniSync\OmniSync.csproj", "{0063E0A0-3B61-4358-9534-3C6A9AA90CB0}"
EndProject
Project("{FAE04EC0-301F-11D3-BF4B-00C04F79EFBC}") = "Omni", "Omni\Omni.csproj", "{B3F798A0-A219-49EA-8A25-183A91662E82}"
EndProject
Project("{FAE04EC0-301F-11D3-BF4B-00C04F79EFBC}") = "Clipboard", "Clipboard\Clipboard.csproj", "{C7D3C627-311F-4395-BE3C-953F1F715C74}"
EndProject
Project("{FAE04EC0-301F-11D3-BF4B-00C04F79EFBC}") = "ClipboardTests", "Tests\ClipboardTests\ClipboardTests.csproj", "{6EDE29D2-7189-45FE-B665-474457383C0D}"
EndProject
Project("{FAE04EC0-301F-11D3-BF4B-00C04F79EFBC}") = "OmniCommonTests", "Tests\OmniCommonTests\OmniCommonTests.csproj", "{92B3822C-13DF-4D2A-94FC-1C5D2C10933B}"
EndProject
Project("{2150E333-8FDC-42A3-9474-1A3956D46DE8}") = ".nuget", ".nuget", "{3E6E62E5-66D7-4CDD-9F01-0974D752B582}"
	ProjectSection(SolutionItems) = preProject
		.nuget\NuGet.Config = .nuget\NuGet.Config
		.nuget\NuGet.exe = .nuget\NuGet.exe
		.nuget\NuGet.targets = .nuget\NuGet.targets
	EndProjectSection
EndProject
Project("{2150E333-8FDC-42A3-9474-1A3956D46DE8}") = "Installer", "Installer", "{C272FC80-8627-49E6-8568-24C79114EC9D}"
EndProject
Project("{FAE04EC0-301F-11D3-BF4B-00C04F79EFBC}") = "InstallerCustomActions", "Installer\InstallerCustomActions\InstallerCustomActions.csproj", "{12606E51-D980-4A0C-A23A-88FD680C3D63}"
EndProject
Project("{930C7802-8A8C-48F9-8165-68863BCCD9DD}") = "OmnipasteInstaller", "Installer\OmnipasteInstaller\OmnipasteInstaller.wixproj", "{19EC1BBA-9846-4F88-84BA-51D551901D00}"
	ProjectSection(ProjectDependencies) = postProject
		{A5370D41-9479-46AA-B2FB-5CD4467379A1} = {A5370D41-9479-46AA-B2FB-5CD4467379A1}
	EndProjectSection
EndProject
Project("{FAE04EC0-301F-11D3-BF4B-00C04F79EFBC}") = "OmniDebug", "OmniDebug\OmniDebug.csproj", "{55E15A36-FB93-47E2-9E9A-9DCB58BB71D3}"
EndProject
Project("{FAE04EC0-301F-11D3-BF4B-00C04F79EFBC}") = "OmniUI", "OmniUI\OmniUI.csproj", "{6623DEB1-69DE-47AE-8D15-E56AC9728849}"
EndProject
Project("{FAE04EC0-301F-11D3-BF4B-00C04F79EFBC}") = "OmniDebugTests", "Tests\OmniDebugTests\OmniDebugTests.csproj", "{EC165886-EDC3-49D8-BB47-E58BA169A177}"
EndProject
Project("{FAE04EC0-301F-11D3-BF4B-00C04F79EFBC}") = "OmniSyncTests", "Tests\OmniSyncTests\OmniSyncTests.csproj", "{50CCD4A9-A3AF-4E00-8343-74AB17F4C81F}"
EndProject
Project("{FAE04EC0-301F-11D3-BF4B-00C04F79EFBC}") = "OmniTests", "Tests\OmniTests\OmniTests.csproj", "{99762FDC-7747-41FA-BC9F-B42735F87C04}"
EndProject
Project("{FAE04EC0-301F-11D3-BF4B-00C04F79EFBC}") = "OmnipasteTests", "Tests\OmnipasteTests\OmnipasteTests.csproj", "{6DABB140-4028-4262-BCFA-12D43916F966}"
EndProject
Project("{FAE04EC0-301F-11D3-BF4B-00C04F79EFBC}") = "Contacts", "Contacts\Contacts.csproj", "{9666D071-C0E7-4CC0-ADDA-A9EA7A8842D0}"
EndProject
Project("{FAE04EC0-301F-11D3-BF4B-00C04F79EFBC}") = "SMS", "SMS\SMS.csproj", "{6B364690-348D-4354-B12B-64770342FFD0}"
EndProject
Project("{FAE04EC0-301F-11D3-BF4B-00C04F79EFBC}") = "PhoneCalls", "PhoneCalls\PhoneCalls.csproj", "{F98013C8-3258-4EA7-ADAB-52AD904C3927}"
EndProject
Project("{FAE04EC0-301F-11D3-BF4B-00C04F79EFBC}") = "SMSTests", "Tests\SMSTests\SMSTests.csproj", "{A04D4B37-2801-40D2-99B0-E60CDC9C73F5}"
EndProject
Project("{FAE04EC0-301F-11D3-BF4B-00C04F79EFBC}") = "PhoneCallsTests", "Tests\PhoneCallsTests\PhoneCallsTests.csproj", "{9E6037CE-A0B9-409B-8711-6CC8FB406057}"
EndProject
Project("{FAE04EC0-301F-11D3-BF4B-00C04F79EFBC}") = "ContactsTests", "Tests\ContactsTests\ContactsTests.csproj", "{3634E814-19A4-4122-BC8A-1975ECE485B3}"
EndProject
Global
	GlobalSection(SolutionConfigurationPlatforms) = preSolution
		Debug|Any CPU = Debug|Any CPU
		Debug|Mixed Platforms = Debug|Mixed Platforms
		Debug|x86 = Debug|x86
		Release|Any CPU = Release|Any CPU
		Release|Mixed Platforms = Release|Mixed Platforms
		Release|x86 = Release|x86
		Staging|Any CPU = Staging|Any CPU
		Staging|Mixed Platforms = Staging|Mixed Platforms
		Staging|x86 = Staging|x86
	EndGlobalSection
	GlobalSection(ProjectConfigurationPlatforms) = postSolution
		{1E9C5284-DFDC-4AC1-B257-526CB1989876}.Debug|Any CPU.ActiveCfg = Debug|Any CPU
		{1E9C5284-DFDC-4AC1-B257-526CB1989876}.Debug|Any CPU.Build.0 = Debug|Any CPU
		{1E9C5284-DFDC-4AC1-B257-526CB1989876}.Debug|Mixed Platforms.ActiveCfg = Debug|Any CPU
		{1E9C5284-DFDC-4AC1-B257-526CB1989876}.Debug|Mixed Platforms.Build.0 = Debug|Any CPU
		{1E9C5284-DFDC-4AC1-B257-526CB1989876}.Debug|x86.ActiveCfg = Debug|Any CPU
		{1E9C5284-DFDC-4AC1-B257-526CB1989876}.Release|Any CPU.ActiveCfg = Release|Any CPU
		{1E9C5284-DFDC-4AC1-B257-526CB1989876}.Release|Any CPU.Build.0 = Release|Any CPU
		{1E9C5284-DFDC-4AC1-B257-526CB1989876}.Release|Mixed Platforms.ActiveCfg = Release|Any CPU
		{1E9C5284-DFDC-4AC1-B257-526CB1989876}.Release|Mixed Platforms.Build.0 = Release|Any CPU
		{1E9C5284-DFDC-4AC1-B257-526CB1989876}.Release|x86.ActiveCfg = Release|Any CPU
		{1E9C5284-DFDC-4AC1-B257-526CB1989876}.Staging|Any CPU.ActiveCfg = Staging|Any CPU
		{1E9C5284-DFDC-4AC1-B257-526CB1989876}.Staging|Any CPU.Build.0 = Staging|Any CPU
		{1E9C5284-DFDC-4AC1-B257-526CB1989876}.Staging|Mixed Platforms.ActiveCfg = Staging|Any CPU
		{1E9C5284-DFDC-4AC1-B257-526CB1989876}.Staging|Mixed Platforms.Build.0 = Staging|Any CPU
		{1E9C5284-DFDC-4AC1-B257-526CB1989876}.Staging|x86.ActiveCfg = Staging|Any CPU
		{A3325236-54EF-462D-9A88-DAD57ADC8D11}.Debug|Any CPU.ActiveCfg = Debug|Any CPU
		{A3325236-54EF-462D-9A88-DAD57ADC8D11}.Debug|Any CPU.Build.0 = Debug|Any CPU
		{A3325236-54EF-462D-9A88-DAD57ADC8D11}.Debug|Mixed Platforms.ActiveCfg = Debug|Any CPU
		{A3325236-54EF-462D-9A88-DAD57ADC8D11}.Debug|Mixed Platforms.Build.0 = Debug|Any CPU
		{A3325236-54EF-462D-9A88-DAD57ADC8D11}.Debug|x86.ActiveCfg = Debug|Any CPU
		{A3325236-54EF-462D-9A88-DAD57ADC8D11}.Release|Any CPU.ActiveCfg = Release|Any CPU
		{A3325236-54EF-462D-9A88-DAD57ADC8D11}.Release|Any CPU.Build.0 = Release|Any CPU
		{A3325236-54EF-462D-9A88-DAD57ADC8D11}.Release|Mixed Platforms.ActiveCfg = Release|Any CPU
		{A3325236-54EF-462D-9A88-DAD57ADC8D11}.Release|Mixed Platforms.Build.0 = Release|Any CPU
		{A3325236-54EF-462D-9A88-DAD57ADC8D11}.Release|x86.ActiveCfg = Release|Any CPU
		{A3325236-54EF-462D-9A88-DAD57ADC8D11}.Staging|Any CPU.ActiveCfg = Staging|Any CPU
		{A3325236-54EF-462D-9A88-DAD57ADC8D11}.Staging|Any CPU.Build.0 = Staging|Any CPU
		{A3325236-54EF-462D-9A88-DAD57ADC8D11}.Staging|Mixed Platforms.ActiveCfg = Staging|Any CPU
		{A3325236-54EF-462D-9A88-DAD57ADC8D11}.Staging|Mixed Platforms.Build.0 = Staging|Any CPU
		{A3325236-54EF-462D-9A88-DAD57ADC8D11}.Staging|x86.ActiveCfg = Staging|Any CPU
		{A5370D41-9479-46AA-B2FB-5CD4467379A1}.Debug|Any CPU.ActiveCfg = Debug|Any CPU
		{A5370D41-9479-46AA-B2FB-5CD4467379A1}.Debug|Any CPU.Build.0 = Debug|Any CPU
		{A5370D41-9479-46AA-B2FB-5CD4467379A1}.Debug|Mixed Platforms.ActiveCfg = Debug|Any CPU
		{A5370D41-9479-46AA-B2FB-5CD4467379A1}.Debug|Mixed Platforms.Build.0 = Debug|Any CPU
		{A5370D41-9479-46AA-B2FB-5CD4467379A1}.Debug|x86.ActiveCfg = Debug|Any CPU
		{A5370D41-9479-46AA-B2FB-5CD4467379A1}.Release|Any CPU.ActiveCfg = Release|Any CPU
		{A5370D41-9479-46AA-B2FB-5CD4467379A1}.Release|Any CPU.Build.0 = Release|Any CPU
		{A5370D41-9479-46AA-B2FB-5CD4467379A1}.Release|Mixed Platforms.ActiveCfg = Release|Any CPU
		{A5370D41-9479-46AA-B2FB-5CD4467379A1}.Release|Mixed Platforms.Build.0 = Release|Any CPU
		{A5370D41-9479-46AA-B2FB-5CD4467379A1}.Release|x86.ActiveCfg = Release|Any CPU
		{A5370D41-9479-46AA-B2FB-5CD4467379A1}.Staging|Any CPU.ActiveCfg = Staging|Any CPU
		{A5370D41-9479-46AA-B2FB-5CD4467379A1}.Staging|Any CPU.Build.0 = Staging|Any CPU
		{A5370D41-9479-46AA-B2FB-5CD4467379A1}.Staging|Mixed Platforms.ActiveCfg = Staging|Any CPU
		{A5370D41-9479-46AA-B2FB-5CD4467379A1}.Staging|Mixed Platforms.Build.0 = Staging|Any CPU
		{A5370D41-9479-46AA-B2FB-5CD4467379A1}.Staging|x86.ActiveCfg = Staging|Any CPU
		{FE52A16D-0E4A-4794-AF54-4CA066608FF9}.Debug|Any CPU.ActiveCfg = Debug|Any CPU
		{FE52A16D-0E4A-4794-AF54-4CA066608FF9}.Debug|Any CPU.Build.0 = Debug|Any CPU
		{FE52A16D-0E4A-4794-AF54-4CA066608FF9}.Debug|Mixed Platforms.ActiveCfg = Debug|Any CPU
		{FE52A16D-0E4A-4794-AF54-4CA066608FF9}.Debug|Mixed Platforms.Build.0 = Debug|Any CPU
		{FE52A16D-0E4A-4794-AF54-4CA066608FF9}.Debug|x86.ActiveCfg = Debug|Any CPU
		{FE52A16D-0E4A-4794-AF54-4CA066608FF9}.Release|Any CPU.ActiveCfg = Release|Any CPU
		{FE52A16D-0E4A-4794-AF54-4CA066608FF9}.Release|Any CPU.Build.0 = Release|Any CPU
		{FE52A16D-0E4A-4794-AF54-4CA066608FF9}.Release|Mixed Platforms.ActiveCfg = Release|Any CPU
		{FE52A16D-0E4A-4794-AF54-4CA066608FF9}.Release|Mixed Platforms.Build.0 = Release|Any CPU
		{FE52A16D-0E4A-4794-AF54-4CA066608FF9}.Release|x86.ActiveCfg = Release|Any CPU
		{FE52A16D-0E4A-4794-AF54-4CA066608FF9}.Staging|Any CPU.ActiveCfg = Staging|Any CPU
		{FE52A16D-0E4A-4794-AF54-4CA066608FF9}.Staging|Any CPU.Build.0 = Staging|Any CPU
		{FE52A16D-0E4A-4794-AF54-4CA066608FF9}.Staging|Mixed Platforms.ActiveCfg = Staging|Any CPU
		{FE52A16D-0E4A-4794-AF54-4CA066608FF9}.Staging|Mixed Platforms.Build.0 = Staging|Any CPU
		{FE52A16D-0E4A-4794-AF54-4CA066608FF9}.Staging|x86.ActiveCfg = Staging|Any CPU
		{4DDA5EBD-9E52-41CE-82F2-FDF4F87FA41B}.Debug|Any CPU.ActiveCfg = Debug|Any CPU
		{4DDA5EBD-9E52-41CE-82F2-FDF4F87FA41B}.Debug|Any CPU.Build.0 = Debug|Any CPU
		{4DDA5EBD-9E52-41CE-82F2-FDF4F87FA41B}.Debug|Mixed Platforms.ActiveCfg = Debug|Any CPU
		{4DDA5EBD-9E52-41CE-82F2-FDF4F87FA41B}.Debug|Mixed Platforms.Build.0 = Debug|Any CPU
		{4DDA5EBD-9E52-41CE-82F2-FDF4F87FA41B}.Debug|x86.ActiveCfg = Debug|Any CPU
		{4DDA5EBD-9E52-41CE-82F2-FDF4F87FA41B}.Release|Any CPU.ActiveCfg = Release|Any CPU
		{4DDA5EBD-9E52-41CE-82F2-FDF4F87FA41B}.Release|Any CPU.Build.0 = Release|Any CPU
		{4DDA5EBD-9E52-41CE-82F2-FDF4F87FA41B}.Release|Mixed Platforms.ActiveCfg = Release|Any CPU
		{4DDA5EBD-9E52-41CE-82F2-FDF4F87FA41B}.Release|Mixed Platforms.Build.0 = Release|Any CPU
		{4DDA5EBD-9E52-41CE-82F2-FDF4F87FA41B}.Release|x86.ActiveCfg = Release|Any CPU
		{4DDA5EBD-9E52-41CE-82F2-FDF4F87FA41B}.Staging|Any CPU.ActiveCfg = Staging|Any CPU
		{4DDA5EBD-9E52-41CE-82F2-FDF4F87FA41B}.Staging|Any CPU.Build.0 = Staging|Any CPU
		{4DDA5EBD-9E52-41CE-82F2-FDF4F87FA41B}.Staging|Mixed Platforms.ActiveCfg = Staging|Any CPU
		{4DDA5EBD-9E52-41CE-82F2-FDF4F87FA41B}.Staging|Mixed Platforms.Build.0 = Staging|Any CPU
		{4DDA5EBD-9E52-41CE-82F2-FDF4F87FA41B}.Staging|x86.ActiveCfg = Staging|Any CPU
		{0063E0A0-3B61-4358-9534-3C6A9AA90CB0}.Debug|Any CPU.ActiveCfg = Debug|Any CPU
		{0063E0A0-3B61-4358-9534-3C6A9AA90CB0}.Debug|Any CPU.Build.0 = Debug|Any CPU
		{0063E0A0-3B61-4358-9534-3C6A9AA90CB0}.Debug|Mixed Platforms.ActiveCfg = Debug|Any CPU
		{0063E0A0-3B61-4358-9534-3C6A9AA90CB0}.Debug|Mixed Platforms.Build.0 = Debug|Any CPU
		{0063E0A0-3B61-4358-9534-3C6A9AA90CB0}.Debug|x86.ActiveCfg = Debug|Any CPU
		{0063E0A0-3B61-4358-9534-3C6A9AA90CB0}.Release|Any CPU.ActiveCfg = Release|Any CPU
		{0063E0A0-3B61-4358-9534-3C6A9AA90CB0}.Release|Any CPU.Build.0 = Release|Any CPU
		{0063E0A0-3B61-4358-9534-3C6A9AA90CB0}.Release|Mixed Platforms.ActiveCfg = Release|Any CPU
		{0063E0A0-3B61-4358-9534-3C6A9AA90CB0}.Release|Mixed Platforms.Build.0 = Release|Any CPU
		{0063E0A0-3B61-4358-9534-3C6A9AA90CB0}.Release|x86.ActiveCfg = Release|Any CPU
		{0063E0A0-3B61-4358-9534-3C6A9AA90CB0}.Staging|Any CPU.ActiveCfg = Staging|Any CPU
		{0063E0A0-3B61-4358-9534-3C6A9AA90CB0}.Staging|Any CPU.Build.0 = Staging|Any CPU
		{0063E0A0-3B61-4358-9534-3C6A9AA90CB0}.Staging|Mixed Platforms.ActiveCfg = Staging|Any CPU
		{0063E0A0-3B61-4358-9534-3C6A9AA90CB0}.Staging|Mixed Platforms.Build.0 = Staging|Any CPU
		{0063E0A0-3B61-4358-9534-3C6A9AA90CB0}.Staging|x86.ActiveCfg = Staging|Any CPU
		{B3F798A0-A219-49EA-8A25-183A91662E82}.Debug|Any CPU.ActiveCfg = Debug|Any CPU
		{B3F798A0-A219-49EA-8A25-183A91662E82}.Debug|Any CPU.Build.0 = Debug|Any CPU
		{B3F798A0-A219-49EA-8A25-183A91662E82}.Debug|Mixed Platforms.ActiveCfg = Debug|Any CPU
		{B3F798A0-A219-49EA-8A25-183A91662E82}.Debug|Mixed Platforms.Build.0 = Debug|Any CPU
		{B3F798A0-A219-49EA-8A25-183A91662E82}.Debug|x86.ActiveCfg = Debug|Any CPU
		{B3F798A0-A219-49EA-8A25-183A91662E82}.Release|Any CPU.ActiveCfg = Release|Any CPU
		{B3F798A0-A219-49EA-8A25-183A91662E82}.Release|Any CPU.Build.0 = Release|Any CPU
		{B3F798A0-A219-49EA-8A25-183A91662E82}.Release|Mixed Platforms.ActiveCfg = Release|Any CPU
		{B3F798A0-A219-49EA-8A25-183A91662E82}.Release|Mixed Platforms.Build.0 = Release|Any CPU
		{B3F798A0-A219-49EA-8A25-183A91662E82}.Release|x86.ActiveCfg = Release|Any CPU
		{B3F798A0-A219-49EA-8A25-183A91662E82}.Staging|Any CPU.ActiveCfg = Staging|Any CPU
		{B3F798A0-A219-49EA-8A25-183A91662E82}.Staging|Any CPU.Build.0 = Staging|Any CPU
		{B3F798A0-A219-49EA-8A25-183A91662E82}.Staging|Mixed Platforms.ActiveCfg = Staging|Any CPU
		{B3F798A0-A219-49EA-8A25-183A91662E82}.Staging|Mixed Platforms.Build.0 = Staging|Any CPU
		{B3F798A0-A219-49EA-8A25-183A91662E82}.Staging|x86.ActiveCfg = Staging|Any CPU
		{C7D3C627-311F-4395-BE3C-953F1F715C74}.Debug|Any CPU.ActiveCfg = Debug|Any CPU
		{C7D3C627-311F-4395-BE3C-953F1F715C74}.Debug|Any CPU.Build.0 = Debug|Any CPU
		{C7D3C627-311F-4395-BE3C-953F1F715C74}.Debug|Mixed Platforms.ActiveCfg = Debug|Any CPU
		{C7D3C627-311F-4395-BE3C-953F1F715C74}.Debug|Mixed Platforms.Build.0 = Debug|Any CPU
		{C7D3C627-311F-4395-BE3C-953F1F715C74}.Debug|x86.ActiveCfg = Debug|Any CPU
		{C7D3C627-311F-4395-BE3C-953F1F715C74}.Release|Any CPU.ActiveCfg = Release|Any CPU
		{C7D3C627-311F-4395-BE3C-953F1F715C74}.Release|Any CPU.Build.0 = Release|Any CPU
		{C7D3C627-311F-4395-BE3C-953F1F715C74}.Release|Mixed Platforms.ActiveCfg = Release|Any CPU
		{C7D3C627-311F-4395-BE3C-953F1F715C74}.Release|Mixed Platforms.Build.0 = Release|Any CPU
		{C7D3C627-311F-4395-BE3C-953F1F715C74}.Release|x86.ActiveCfg = Release|Any CPU
		{C7D3C627-311F-4395-BE3C-953F1F715C74}.Staging|Any CPU.ActiveCfg = Staging|Any CPU
		{C7D3C627-311F-4395-BE3C-953F1F715C74}.Staging|Any CPU.Build.0 = Staging|Any CPU
		{C7D3C627-311F-4395-BE3C-953F1F715C74}.Staging|Mixed Platforms.ActiveCfg = Staging|Any CPU
		{C7D3C627-311F-4395-BE3C-953F1F715C74}.Staging|Mixed Platforms.Build.0 = Staging|Any CPU
		{C7D3C627-311F-4395-BE3C-953F1F715C74}.Staging|x86.ActiveCfg = Staging|Any CPU
		{6EDE29D2-7189-45FE-B665-474457383C0D}.Debug|Any CPU.ActiveCfg = Debug|Any CPU
		{6EDE29D2-7189-45FE-B665-474457383C0D}.Debug|Any CPU.Build.0 = Debug|Any CPU
		{6EDE29D2-7189-45FE-B665-474457383C0D}.Debug|Mixed Platforms.ActiveCfg = Debug|Any CPU
		{6EDE29D2-7189-45FE-B665-474457383C0D}.Debug|Mixed Platforms.Build.0 = Debug|Any CPU
		{6EDE29D2-7189-45FE-B665-474457383C0D}.Debug|x86.ActiveCfg = Debug|Any CPU
		{6EDE29D2-7189-45FE-B665-474457383C0D}.Release|Any CPU.ActiveCfg = Release|Any CPU
		{6EDE29D2-7189-45FE-B665-474457383C0D}.Release|Any CPU.Build.0 = Release|Any CPU
		{6EDE29D2-7189-45FE-B665-474457383C0D}.Release|Mixed Platforms.ActiveCfg = Release|Any CPU
		{6EDE29D2-7189-45FE-B665-474457383C0D}.Release|Mixed Platforms.Build.0 = Release|Any CPU
		{6EDE29D2-7189-45FE-B665-474457383C0D}.Release|x86.ActiveCfg = Release|Any CPU
		{6EDE29D2-7189-45FE-B665-474457383C0D}.Staging|Any CPU.ActiveCfg = Staging|Any CPU
		{6EDE29D2-7189-45FE-B665-474457383C0D}.Staging|Any CPU.Build.0 = Staging|Any CPU
		{6EDE29D2-7189-45FE-B665-474457383C0D}.Staging|Mixed Platforms.ActiveCfg = Staging|Any CPU
		{6EDE29D2-7189-45FE-B665-474457383C0D}.Staging|Mixed Platforms.Build.0 = Staging|Any CPU
		{6EDE29D2-7189-45FE-B665-474457383C0D}.Staging|x86.ActiveCfg = Staging|Any CPU
		{92B3822C-13DF-4D2A-94FC-1C5D2C10933B}.Debug|Any CPU.ActiveCfg = Debug|Any CPU
		{92B3822C-13DF-4D2A-94FC-1C5D2C10933B}.Debug|Any CPU.Build.0 = Debug|Any CPU
		{92B3822C-13DF-4D2A-94FC-1C5D2C10933B}.Debug|Mixed Platforms.ActiveCfg = Debug|Any CPU
		{92B3822C-13DF-4D2A-94FC-1C5D2C10933B}.Debug|Mixed Platforms.Build.0 = Debug|Any CPU
		{92B3822C-13DF-4D2A-94FC-1C5D2C10933B}.Debug|x86.ActiveCfg = Debug|Any CPU
		{92B3822C-13DF-4D2A-94FC-1C5D2C10933B}.Release|Any CPU.ActiveCfg = Release|Any CPU
		{92B3822C-13DF-4D2A-94FC-1C5D2C10933B}.Release|Any CPU.Build.0 = Release|Any CPU
		{92B3822C-13DF-4D2A-94FC-1C5D2C10933B}.Release|Mixed Platforms.ActiveCfg = Release|Any CPU
		{92B3822C-13DF-4D2A-94FC-1C5D2C10933B}.Release|Mixed Platforms.Build.0 = Release|Any CPU
		{92B3822C-13DF-4D2A-94FC-1C5D2C10933B}.Release|x86.ActiveCfg = Release|Any CPU
		{92B3822C-13DF-4D2A-94FC-1C5D2C10933B}.Staging|Any CPU.ActiveCfg = Staging|Any CPU
		{92B3822C-13DF-4D2A-94FC-1C5D2C10933B}.Staging|Any CPU.Build.0 = Staging|Any CPU
		{92B3822C-13DF-4D2A-94FC-1C5D2C10933B}.Staging|Mixed Platforms.ActiveCfg = Staging|Any CPU
		{92B3822C-13DF-4D2A-94FC-1C5D2C10933B}.Staging|Mixed Platforms.Build.0 = Staging|Any CPU
		{92B3822C-13DF-4D2A-94FC-1C5D2C10933B}.Staging|x86.ActiveCfg = Staging|Any CPU
		{12606E51-D980-4A0C-A23A-88FD680C3D63}.Debug|Any CPU.ActiveCfg = Debug|x86
		{12606E51-D980-4A0C-A23A-88FD680C3D63}.Debug|Any CPU.Build.0 = Debug|x86
		{12606E51-D980-4A0C-A23A-88FD680C3D63}.Debug|Mixed Platforms.ActiveCfg = Debug|x86
		{12606E51-D980-4A0C-A23A-88FD680C3D63}.Debug|Mixed Platforms.Build.0 = Debug|x86
		{12606E51-D980-4A0C-A23A-88FD680C3D63}.Debug|x86.ActiveCfg = Debug|x86
		{12606E51-D980-4A0C-A23A-88FD680C3D63}.Debug|x86.Build.0 = Debug|x86
		{12606E51-D980-4A0C-A23A-88FD680C3D63}.Release|Any CPU.ActiveCfg = Release|x86
		{12606E51-D980-4A0C-A23A-88FD680C3D63}.Release|Any CPU.Build.0 = Release|x86
		{12606E51-D980-4A0C-A23A-88FD680C3D63}.Release|Mixed Platforms.ActiveCfg = Release|x86
		{12606E51-D980-4A0C-A23A-88FD680C3D63}.Release|Mixed Platforms.Build.0 = Release|x86
		{12606E51-D980-4A0C-A23A-88FD680C3D63}.Release|x86.ActiveCfg = Release|x86
		{12606E51-D980-4A0C-A23A-88FD680C3D63}.Release|x86.Build.0 = Release|x86
		{12606E51-D980-4A0C-A23A-88FD680C3D63}.Staging|Any CPU.ActiveCfg = Staging|Any CPU
		{12606E51-D980-4A0C-A23A-88FD680C3D63}.Staging|Any CPU.Build.0 = Staging|Any CPU
		{12606E51-D980-4A0C-A23A-88FD680C3D63}.Staging|Mixed Platforms.ActiveCfg = Staging|x86
		{12606E51-D980-4A0C-A23A-88FD680C3D63}.Staging|Mixed Platforms.Build.0 = Staging|x86
		{12606E51-D980-4A0C-A23A-88FD680C3D63}.Staging|x86.ActiveCfg = Release|x86
		{12606E51-D980-4A0C-A23A-88FD680C3D63}.Staging|x86.Build.0 = Release|x86
		{19EC1BBA-9846-4F88-84BA-51D551901D00}.Debug|Any CPU.ActiveCfg = Debug|x86
		{19EC1BBA-9846-4F88-84BA-51D551901D00}.Debug|Any CPU.Build.0 = Debug|x86
		{19EC1BBA-9846-4F88-84BA-51D551901D00}.Debug|Mixed Platforms.ActiveCfg = Debug|x86
		{19EC1BBA-9846-4F88-84BA-51D551901D00}.Debug|Mixed Platforms.Build.0 = Debug|x86
		{19EC1BBA-9846-4F88-84BA-51D551901D00}.Debug|x86.ActiveCfg = Debug|x86
		{19EC1BBA-9846-4F88-84BA-51D551901D00}.Debug|x86.Build.0 = Debug|x86
		{19EC1BBA-9846-4F88-84BA-51D551901D00}.Release|Any CPU.ActiveCfg = Release|x86
		{19EC1BBA-9846-4F88-84BA-51D551901D00}.Release|Any CPU.Build.0 = Release|x86
		{19EC1BBA-9846-4F88-84BA-51D551901D00}.Release|Mixed Platforms.ActiveCfg = Release|x86
		{19EC1BBA-9846-4F88-84BA-51D551901D00}.Release|Mixed Platforms.Build.0 = Release|x86
		{19EC1BBA-9846-4F88-84BA-51D551901D00}.Release|x86.ActiveCfg = Release|x86
		{19EC1BBA-9846-4F88-84BA-51D551901D00}.Release|x86.Build.0 = Release|x86
		{19EC1BBA-9846-4F88-84BA-51D551901D00}.Staging|Any CPU.ActiveCfg = Staging|x86
		{19EC1BBA-9846-4F88-84BA-51D551901D00}.Staging|Any CPU.Build.0 = Staging|x86
		{19EC1BBA-9846-4F88-84BA-51D551901D00}.Staging|Mixed Platforms.ActiveCfg = Staging|x86
		{19EC1BBA-9846-4F88-84BA-51D551901D00}.Staging|Mixed Platforms.Build.0 = Staging|x86
		{19EC1BBA-9846-4F88-84BA-51D551901D00}.Staging|x86.ActiveCfg = Release|x86
		{19EC1BBA-9846-4F88-84BA-51D551901D00}.Staging|x86.Build.0 = Release|x86
		{55E15A36-FB93-47E2-9E9A-9DCB58BB71D3}.Debug|Any CPU.ActiveCfg = Debug|Any CPU
		{55E15A36-FB93-47E2-9E9A-9DCB58BB71D3}.Debug|Any CPU.Build.0 = Debug|Any CPU
		{55E15A36-FB93-47E2-9E9A-9DCB58BB71D3}.Debug|Mixed Platforms.ActiveCfg = Debug|Any CPU
		{55E15A36-FB93-47E2-9E9A-9DCB58BB71D3}.Debug|Mixed Platforms.Build.0 = Debug|Any CPU
		{55E15A36-FB93-47E2-9E9A-9DCB58BB71D3}.Debug|x86.ActiveCfg = Debug|Any CPU
		{55E15A36-FB93-47E2-9E9A-9DCB58BB71D3}.Release|Any CPU.ActiveCfg = Release|Any CPU
		{55E15A36-FB93-47E2-9E9A-9DCB58BB71D3}.Release|Any CPU.Build.0 = Release|Any CPU
		{55E15A36-FB93-47E2-9E9A-9DCB58BB71D3}.Release|Mixed Platforms.ActiveCfg = Release|Any CPU
		{55E15A36-FB93-47E2-9E9A-9DCB58BB71D3}.Release|Mixed Platforms.Build.0 = Release|Any CPU
		{55E15A36-FB93-47E2-9E9A-9DCB58BB71D3}.Release|x86.ActiveCfg = Release|Any CPU
		{55E15A36-FB93-47E2-9E9A-9DCB58BB71D3}.Staging|Any CPU.ActiveCfg = Staging|Any CPU
		{55E15A36-FB93-47E2-9E9A-9DCB58BB71D3}.Staging|Any CPU.Build.0 = Staging|Any CPU
		{55E15A36-FB93-47E2-9E9A-9DCB58BB71D3}.Staging|Mixed Platforms.ActiveCfg = Release|Any CPU
		{55E15A36-FB93-47E2-9E9A-9DCB58BB71D3}.Staging|Mixed Platforms.Build.0 = Release|Any CPU
		{55E15A36-FB93-47E2-9E9A-9DCB58BB71D3}.Staging|x86.ActiveCfg = Release|Any CPU
		{6623DEB1-69DE-47AE-8D15-E56AC9728849}.Debug|Any CPU.ActiveCfg = Debug|Any CPU
		{6623DEB1-69DE-47AE-8D15-E56AC9728849}.Debug|Any CPU.Build.0 = Debug|Any CPU
		{6623DEB1-69DE-47AE-8D15-E56AC9728849}.Debug|Mixed Platforms.ActiveCfg = Debug|Any CPU
		{6623DEB1-69DE-47AE-8D15-E56AC9728849}.Debug|Mixed Platforms.Build.0 = Debug|Any CPU
		{6623DEB1-69DE-47AE-8D15-E56AC9728849}.Debug|x86.ActiveCfg = Debug|Any CPU
		{6623DEB1-69DE-47AE-8D15-E56AC9728849}.Release|Any CPU.ActiveCfg = Release|Any CPU
		{6623DEB1-69DE-47AE-8D15-E56AC9728849}.Release|Any CPU.Build.0 = Release|Any CPU
		{6623DEB1-69DE-47AE-8D15-E56AC9728849}.Release|Mixed Platforms.ActiveCfg = Release|Any CPU
		{6623DEB1-69DE-47AE-8D15-E56AC9728849}.Release|Mixed Platforms.Build.0 = Release|Any CPU
		{6623DEB1-69DE-47AE-8D15-E56AC9728849}.Release|x86.ActiveCfg = Release|Any CPU
		{6623DEB1-69DE-47AE-8D15-E56AC9728849}.Staging|Any CPU.ActiveCfg = Staging|Any CPU
		{6623DEB1-69DE-47AE-8D15-E56AC9728849}.Staging|Any CPU.Build.0 = Staging|Any CPU
		{6623DEB1-69DE-47AE-8D15-E56AC9728849}.Staging|Mixed Platforms.ActiveCfg = Release|Any CPU
		{6623DEB1-69DE-47AE-8D15-E56AC9728849}.Staging|Mixed Platforms.Build.0 = Release|Any CPU
		{6623DEB1-69DE-47AE-8D15-E56AC9728849}.Staging|x86.ActiveCfg = Release|Any CPU
		{EC165886-EDC3-49D8-BB47-E58BA169A177}.Debug|Any CPU.ActiveCfg = Debug|Any CPU
		{EC165886-EDC3-49D8-BB47-E58BA169A177}.Debug|Any CPU.Build.0 = Debug|Any CPU
		{EC165886-EDC3-49D8-BB47-E58BA169A177}.Debug|Mixed Platforms.ActiveCfg = Debug|Any CPU
		{EC165886-EDC3-49D8-BB47-E58BA169A177}.Debug|Mixed Platforms.Build.0 = Debug|Any CPU
		{EC165886-EDC3-49D8-BB47-E58BA169A177}.Debug|x86.ActiveCfg = Debug|Any CPU
		{EC165886-EDC3-49D8-BB47-E58BA169A177}.Release|Any CPU.ActiveCfg = Release|Any CPU
		{EC165886-EDC3-49D8-BB47-E58BA169A177}.Release|Any CPU.Build.0 = Release|Any CPU
		{EC165886-EDC3-49D8-BB47-E58BA169A177}.Release|Mixed Platforms.ActiveCfg = Release|Any CPU
		{EC165886-EDC3-49D8-BB47-E58BA169A177}.Release|Mixed Platforms.Build.0 = Release|Any CPU
		{EC165886-EDC3-49D8-BB47-E58BA169A177}.Release|x86.ActiveCfg = Release|Any CPU
		{EC165886-EDC3-49D8-BB47-E58BA169A177}.Staging|Any CPU.ActiveCfg = Staging|Any CPU
		{EC165886-EDC3-49D8-BB47-E58BA169A177}.Staging|Any CPU.Build.0 = Staging|Any CPU
		{EC165886-EDC3-49D8-BB47-E58BA169A177}.Staging|Mixed Platforms.ActiveCfg = Release|Any CPU
		{EC165886-EDC3-49D8-BB47-E58BA169A177}.Staging|Mixed Platforms.Build.0 = Release|Any CPU
		{EC165886-EDC3-49D8-BB47-E58BA169A177}.Staging|x86.ActiveCfg = Release|Any CPU
		{50CCD4A9-A3AF-4E00-8343-74AB17F4C81F}.Debug|Any CPU.ActiveCfg = Debug|Any CPU
		{50CCD4A9-A3AF-4E00-8343-74AB17F4C81F}.Debug|Any CPU.Build.0 = Debug|Any CPU
		{50CCD4A9-A3AF-4E00-8343-74AB17F4C81F}.Debug|Mixed Platforms.ActiveCfg = Debug|Any CPU
		{50CCD4A9-A3AF-4E00-8343-74AB17F4C81F}.Debug|Mixed Platforms.Build.0 = Debug|Any CPU
		{50CCD4A9-A3AF-4E00-8343-74AB17F4C81F}.Debug|x86.ActiveCfg = Debug|Any CPU
		{50CCD4A9-A3AF-4E00-8343-74AB17F4C81F}.Release|Any CPU.ActiveCfg = Release|Any CPU
		{50CCD4A9-A3AF-4E00-8343-74AB17F4C81F}.Release|Any CPU.Build.0 = Release|Any CPU
		{50CCD4A9-A3AF-4E00-8343-74AB17F4C81F}.Release|Mixed Platforms.ActiveCfg = Release|Any CPU
		{50CCD4A9-A3AF-4E00-8343-74AB17F4C81F}.Release|Mixed Platforms.Build.0 = Release|Any CPU
		{50CCD4A9-A3AF-4E00-8343-74AB17F4C81F}.Release|x86.ActiveCfg = Release|Any CPU
		{50CCD4A9-A3AF-4E00-8343-74AB17F4C81F}.Staging|Any CPU.ActiveCfg = Staging|Any CPU
		{50CCD4A9-A3AF-4E00-8343-74AB17F4C81F}.Staging|Any CPU.Build.0 = Staging|Any CPU
		{50CCD4A9-A3AF-4E00-8343-74AB17F4C81F}.Staging|Mixed Platforms.ActiveCfg = Release|Any CPU
		{50CCD4A9-A3AF-4E00-8343-74AB17F4C81F}.Staging|Mixed Platforms.Build.0 = Release|Any CPU
		{50CCD4A9-A3AF-4E00-8343-74AB17F4C81F}.Staging|x86.ActiveCfg = Release|Any CPU
		{99762FDC-7747-41FA-BC9F-B42735F87C04}.Debug|Any CPU.ActiveCfg = Debug|Any CPU
		{99762FDC-7747-41FA-BC9F-B42735F87C04}.Debug|Any CPU.Build.0 = Debug|Any CPU
		{99762FDC-7747-41FA-BC9F-B42735F87C04}.Debug|Mixed Platforms.ActiveCfg = Debug|Any CPU
		{99762FDC-7747-41FA-BC9F-B42735F87C04}.Debug|Mixed Platforms.Build.0 = Debug|Any CPU
		{99762FDC-7747-41FA-BC9F-B42735F87C04}.Debug|x86.ActiveCfg = Debug|Any CPU
		{99762FDC-7747-41FA-BC9F-B42735F87C04}.Release|Any CPU.ActiveCfg = Release|Any CPU
		{99762FDC-7747-41FA-BC9F-B42735F87C04}.Release|Any CPU.Build.0 = Release|Any CPU
		{99762FDC-7747-41FA-BC9F-B42735F87C04}.Release|Mixed Platforms.ActiveCfg = Release|Any CPU
		{99762FDC-7747-41FA-BC9F-B42735F87C04}.Release|Mixed Platforms.Build.0 = Release|Any CPU
		{99762FDC-7747-41FA-BC9F-B42735F87C04}.Release|x86.ActiveCfg = Release|Any CPU
		{99762FDC-7747-41FA-BC9F-B42735F87C04}.Staging|Any CPU.ActiveCfg = Staging|Any CPU
		{99762FDC-7747-41FA-BC9F-B42735F87C04}.Staging|Any CPU.Build.0 = Staging|Any CPU
		{99762FDC-7747-41FA-BC9F-B42735F87C04}.Staging|Mixed Platforms.ActiveCfg = Release|Any CPU
		{99762FDC-7747-41FA-BC9F-B42735F87C04}.Staging|Mixed Platforms.Build.0 = Release|Any CPU
		{99762FDC-7747-41FA-BC9F-B42735F87C04}.Staging|x86.ActiveCfg = Release|Any CPU
		{6DABB140-4028-4262-BCFA-12D43916F966}.Debug|Any CPU.ActiveCfg = Debug|Any CPU
		{6DABB140-4028-4262-BCFA-12D43916F966}.Debug|Any CPU.Build.0 = Debug|Any CPU
		{6DABB140-4028-4262-BCFA-12D43916F966}.Debug|Mixed Platforms.ActiveCfg = Debug|Any CPU
		{6DABB140-4028-4262-BCFA-12D43916F966}.Debug|Mixed Platforms.Build.0 = Debug|Any CPU
		{6DABB140-4028-4262-BCFA-12D43916F966}.Debug|x86.ActiveCfg = Debug|Any CPU
		{6DABB140-4028-4262-BCFA-12D43916F966}.Release|Any CPU.ActiveCfg = Release|Any CPU
		{6DABB140-4028-4262-BCFA-12D43916F966}.Release|Any CPU.Build.0 = Release|Any CPU
		{6DABB140-4028-4262-BCFA-12D43916F966}.Release|Mixed Platforms.ActiveCfg = Release|Any CPU
		{6DABB140-4028-4262-BCFA-12D43916F966}.Release|Mixed Platforms.Build.0 = Release|Any CPU
		{6DABB140-4028-4262-BCFA-12D43916F966}.Release|x86.ActiveCfg = Release|Any CPU
		{6DABB140-4028-4262-BCFA-12D43916F966}.Staging|Any CPU.ActiveCfg = Staging|Any CPU
		{6DABB140-4028-4262-BCFA-12D43916F966}.Staging|Any CPU.Build.0 = Staging|Any CPU
		{6DABB140-4028-4262-BCFA-12D43916F966}.Staging|Mixed Platforms.ActiveCfg = Release|Any CPU
		{6DABB140-4028-4262-BCFA-12D43916F966}.Staging|Mixed Platforms.Build.0 = Release|Any CPU
		{6DABB140-4028-4262-BCFA-12D43916F966}.Staging|x86.ActiveCfg = Release|Any CPU
		{9666D071-C0E7-4CC0-ADDA-A9EA7A8842D0}.Debug|Any CPU.ActiveCfg = Debug|Any CPU
		{9666D071-C0E7-4CC0-ADDA-A9EA7A8842D0}.Debug|Any CPU.Build.0 = Debug|Any CPU
		{9666D071-C0E7-4CC0-ADDA-A9EA7A8842D0}.Debug|Mixed Platforms.ActiveCfg = Debug|Any CPU
		{9666D071-C0E7-4CC0-ADDA-A9EA7A8842D0}.Debug|Mixed Platforms.Build.0 = Debug|Any CPU
		{9666D071-C0E7-4CC0-ADDA-A9EA7A8842D0}.Debug|x86.ActiveCfg = Debug|Any CPU
		{9666D071-C0E7-4CC0-ADDA-A9EA7A8842D0}.Release|Any CPU.ActiveCfg = Release|Any CPU
		{9666D071-C0E7-4CC0-ADDA-A9EA7A8842D0}.Release|Any CPU.Build.0 = Release|Any CPU
		{9666D071-C0E7-4CC0-ADDA-A9EA7A8842D0}.Release|Mixed Platforms.ActiveCfg = Release|Any CPU
		{9666D071-C0E7-4CC0-ADDA-A9EA7A8842D0}.Release|Mixed Platforms.Build.0 = Release|Any CPU
		{9666D071-C0E7-4CC0-ADDA-A9EA7A8842D0}.Release|x86.ActiveCfg = Release|Any CPU
		{9666D071-C0E7-4CC0-ADDA-A9EA7A8842D0}.Staging|Any CPU.ActiveCfg = Staging|Any CPU
		{9666D071-C0E7-4CC0-ADDA-A9EA7A8842D0}.Staging|Any CPU.Build.0 = Staging|Any CPU
		{9666D071-C0E7-4CC0-ADDA-A9EA7A8842D0}.Staging|Mixed Platforms.ActiveCfg = Release|Any CPU
		{9666D071-C0E7-4CC0-ADDA-A9EA7A8842D0}.Staging|Mixed Platforms.Build.0 = Release|Any CPU
		{9666D071-C0E7-4CC0-ADDA-A9EA7A8842D0}.Staging|x86.ActiveCfg = Release|Any CPU
		{6B364690-348D-4354-B12B-64770342FFD0}.Debug|Any CPU.ActiveCfg = Debug|Any CPU
		{6B364690-348D-4354-B12B-64770342FFD0}.Debug|Any CPU.Build.0 = Debug|Any CPU
		{6B364690-348D-4354-B12B-64770342FFD0}.Debug|Mixed Platforms.ActiveCfg = Debug|Any CPU
		{6B364690-348D-4354-B12B-64770342FFD0}.Debug|Mixed Platforms.Build.0 = Debug|Any CPU
		{6B364690-348D-4354-B12B-64770342FFD0}.Debug|x86.ActiveCfg = Debug|Any CPU
		{6B364690-348D-4354-B12B-64770342FFD0}.Release|Any CPU.ActiveCfg = Release|Any CPU
		{6B364690-348D-4354-B12B-64770342FFD0}.Release|Any CPU.Build.0 = Release|Any CPU
		{6B364690-348D-4354-B12B-64770342FFD0}.Release|Mixed Platforms.ActiveCfg = Release|Any CPU
		{6B364690-348D-4354-B12B-64770342FFD0}.Release|Mixed Platforms.Build.0 = Release|Any CPU
		{6B364690-348D-4354-B12B-64770342FFD0}.Release|x86.ActiveCfg = Release|Any CPU
		{6B364690-348D-4354-B12B-64770342FFD0}.Staging|Any CPU.ActiveCfg = Staging|Any CPU
		{6B364690-348D-4354-B12B-64770342FFD0}.Staging|Any CPU.Build.0 = Staging|Any CPU
		{6B364690-348D-4354-B12B-64770342FFD0}.Staging|Mixed Platforms.ActiveCfg = Release|Any CPU
		{6B364690-348D-4354-B12B-64770342FFD0}.Staging|Mixed Platforms.Build.0 = Release|Any CPU
		{6B364690-348D-4354-B12B-64770342FFD0}.Staging|x86.ActiveCfg = Release|Any CPU
		{F98013C8-3258-4EA7-ADAB-52AD904C3927}.Debug|Any CPU.ActiveCfg = Debug|Any CPU
		{F98013C8-3258-4EA7-ADAB-52AD904C3927}.Debug|Any CPU.Build.0 = Debug|Any CPU
		{F98013C8-3258-4EA7-ADAB-52AD904C3927}.Debug|Mixed Platforms.ActiveCfg = Debug|Any CPU
		{F98013C8-3258-4EA7-ADAB-52AD904C3927}.Debug|Mixed Platforms.Build.0 = Debug|Any CPU
		{F98013C8-3258-4EA7-ADAB-52AD904C3927}.Debug|x86.ActiveCfg = Debug|Any CPU
		{F98013C8-3258-4EA7-ADAB-52AD904C3927}.Release|Any CPU.ActiveCfg = Release|Any CPU
		{F98013C8-3258-4EA7-ADAB-52AD904C3927}.Release|Any CPU.Build.0 = Release|Any CPU
		{F98013C8-3258-4EA7-ADAB-52AD904C3927}.Release|Mixed Platforms.ActiveCfg = Release|Any CPU
		{F98013C8-3258-4EA7-ADAB-52AD904C3927}.Release|Mixed Platforms.Build.0 = Release|Any CPU
		{F98013C8-3258-4EA7-ADAB-52AD904C3927}.Release|x86.ActiveCfg = Release|Any CPU
		{F98013C8-3258-4EA7-ADAB-52AD904C3927}.Staging|Any CPU.ActiveCfg = Staging|Any CPU
		{F98013C8-3258-4EA7-ADAB-52AD904C3927}.Staging|Any CPU.Build.0 = Staging|Any CPU
		{F98013C8-3258-4EA7-ADAB-52AD904C3927}.Staging|Mixed Platforms.ActiveCfg = Release|Any CPU
		{F98013C8-3258-4EA7-ADAB-52AD904C3927}.Staging|Mixed Platforms.Build.0 = Release|Any CPU
		{F98013C8-3258-4EA7-ADAB-52AD904C3927}.Staging|x86.ActiveCfg = Release|Any CPU
		{A04D4B37-2801-40D2-99B0-E60CDC9C73F5}.Debug|Any CPU.ActiveCfg = Debug|Any CPU
		{A04D4B37-2801-40D2-99B0-E60CDC9C73F5}.Debug|Any CPU.Build.0 = Debug|Any CPU
		{A04D4B37-2801-40D2-99B0-E60CDC9C73F5}.Debug|Mixed Platforms.ActiveCfg = Debug|Any CPU
		{A04D4B37-2801-40D2-99B0-E60CDC9C73F5}.Debug|Mixed Platforms.Build.0 = Debug|Any CPU
		{A04D4B37-2801-40D2-99B0-E60CDC9C73F5}.Debug|x86.ActiveCfg = Debug|Any CPU
		{A04D4B37-2801-40D2-99B0-E60CDC9C73F5}.Release|Any CPU.ActiveCfg = Release|Any CPU
		{A04D4B37-2801-40D2-99B0-E60CDC9C73F5}.Release|Any CPU.Build.0 = Release|Any CPU
		{A04D4B37-2801-40D2-99B0-E60CDC9C73F5}.Release|Mixed Platforms.ActiveCfg = Release|Any CPU
		{A04D4B37-2801-40D2-99B0-E60CDC9C73F5}.Release|Mixed Platforms.Build.0 = Release|Any CPU
		{A04D4B37-2801-40D2-99B0-E60CDC9C73F5}.Release|x86.ActiveCfg = Release|Any CPU
		{A04D4B37-2801-40D2-99B0-E60CDC9C73F5}.Staging|Any CPU.ActiveCfg = Release|Any CPU
		{A04D4B37-2801-40D2-99B0-E60CDC9C73F5}.Staging|Any CPU.Build.0 = Release|Any CPU
		{A04D4B37-2801-40D2-99B0-E60CDC9C73F5}.Staging|Mixed Platforms.ActiveCfg = Release|Any CPU
		{A04D4B37-2801-40D2-99B0-E60CDC9C73F5}.Staging|Mixed Platforms.Build.0 = Release|Any CPU
		{A04D4B37-2801-40D2-99B0-E60CDC9C73F5}.Staging|x86.ActiveCfg = Release|Any CPU
		{9E6037CE-A0B9-409B-8711-6CC8FB406057}.Debug|Any CPU.ActiveCfg = Debug|Any CPU
		{9E6037CE-A0B9-409B-8711-6CC8FB406057}.Debug|Any CPU.Build.0 = Debug|Any CPU
		{9E6037CE-A0B9-409B-8711-6CC8FB406057}.Debug|Mixed Platforms.ActiveCfg = Debug|Any CPU
		{9E6037CE-A0B9-409B-8711-6CC8FB406057}.Debug|Mixed Platforms.Build.0 = Debug|Any CPU
		{9E6037CE-A0B9-409B-8711-6CC8FB406057}.Debug|x86.ActiveCfg = Debug|Any CPU
		{9E6037CE-A0B9-409B-8711-6CC8FB406057}.Release|Any CPU.ActiveCfg = Release|Any CPU
		{9E6037CE-A0B9-409B-8711-6CC8FB406057}.Release|Any CPU.Build.0 = Release|Any CPU
		{9E6037CE-A0B9-409B-8711-6CC8FB406057}.Release|Mixed Platforms.ActiveCfg = Release|Any CPU
		{9E6037CE-A0B9-409B-8711-6CC8FB406057}.Release|Mixed Platforms.Build.0 = Release|Any CPU
		{9E6037CE-A0B9-409B-8711-6CC8FB406057}.Release|x86.ActiveCfg = Release|Any CPU
		{9E6037CE-A0B9-409B-8711-6CC8FB406057}.Staging|Any CPU.ActiveCfg = Staging|Any CPU
		{9E6037CE-A0B9-409B-8711-6CC8FB406057}.Staging|Any CPU.Build.0 = Staging|Any CPU
		{9E6037CE-A0B9-409B-8711-6CC8FB406057}.Staging|Mixed Platforms.ActiveCfg = Staging|Any CPU
		{9E6037CE-A0B9-409B-8711-6CC8FB406057}.Staging|Mixed Platforms.Build.0 = Staging|Any CPU
		{9E6037CE-A0B9-409B-8711-6CC8FB406057}.Staging|x86.ActiveCfg = Staging|Any CPU
		{3634E814-19A4-4122-BC8A-1975ECE485B3}.Debug|Any CPU.ActiveCfg = Debug|Any CPU
		{3634E814-19A4-4122-BC8A-1975ECE485B3}.Debug|Any CPU.Build.0 = Debug|Any CPU
		{3634E814-19A4-4122-BC8A-1975ECE485B3}.Debug|Mixed Platforms.ActiveCfg = Debug|Any CPU
		{3634E814-19A4-4122-BC8A-1975ECE485B3}.Debug|Mixed Platforms.Build.0 = Debug|Any CPU
		{3634E814-19A4-4122-BC8A-1975ECE485B3}.Debug|x86.ActiveCfg = Debug|Any CPU
		{3634E814-19A4-4122-BC8A-1975ECE485B3}.Release|Any CPU.ActiveCfg = Release|Any CPU
		{3634E814-19A4-4122-BC8A-1975ECE485B3}.Release|Any CPU.Build.0 = Release|Any CPU
		{3634E814-19A4-4122-BC8A-1975ECE485B3}.Release|Mixed Platforms.ActiveCfg = Release|Any CPU
		{3634E814-19A4-4122-BC8A-1975ECE485B3}.Release|Mixed Platforms.Build.0 = Release|Any CPU
		{3634E814-19A4-4122-BC8A-1975ECE485B3}.Release|x86.ActiveCfg = Release|Any CPU
		{3634E814-19A4-4122-BC8A-1975ECE485B3}.Staging|Any CPU.ActiveCfg = Staging|Any CPU
		{3634E814-19A4-4122-BC8A-1975ECE485B3}.Staging|Any CPU.Build.0 = Staging|Any CPU
		{3634E814-19A4-4122-BC8A-1975ECE485B3}.Staging|Mixed Platforms.ActiveCfg = Staging|Any CPU
		{3634E814-19A4-4122-BC8A-1975ECE485B3}.Staging|Mixed Platforms.Build.0 = Staging|Any CPU
		{3634E814-19A4-4122-BC8A-1975ECE485B3}.Staging|x86.ActiveCfg = Staging|Any CPU
	EndGlobalSection
	GlobalSection(SolutionProperties) = preSolution
		HideSolutionNode = FALSE
	EndGlobalSection
	GlobalSection(NestedProjects) = preSolution
		{4DDA5EBD-9E52-41CE-82F2-FDF4F87FA41B} = {3B427A33-480F-4312-A049-06BFE5C4EBCC}
		{6EDE29D2-7189-45FE-B665-474457383C0D} = {3B427A33-480F-4312-A049-06BFE5C4EBCC}
		{92B3822C-13DF-4D2A-94FC-1C5D2C10933B} = {3B427A33-480F-4312-A049-06BFE5C4EBCC}
		{12606E51-D980-4A0C-A23A-88FD680C3D63} = {C272FC80-8627-49E6-8568-24C79114EC9D}
		{19EC1BBA-9846-4F88-84BA-51D551901D00} = {C272FC80-8627-49E6-8568-24C79114EC9D}
		{EC165886-EDC3-49D8-BB47-E58BA169A177} = {3B427A33-480F-4312-A049-06BFE5C4EBCC}
		{50CCD4A9-A3AF-4E00-8343-74AB17F4C81F} = {3B427A33-480F-4312-A049-06BFE5C4EBCC}
		{99762FDC-7747-41FA-BC9F-B42735F87C04} = {3B427A33-480F-4312-A049-06BFE5C4EBCC}
		{6DABB140-4028-4262-BCFA-12D43916F966} = {3B427A33-480F-4312-A049-06BFE5C4EBCC}
		{A04D4B37-2801-40D2-99B0-E60CDC9C73F5} = {3B427A33-480F-4312-A049-06BFE5C4EBCC}
		{9E6037CE-A0B9-409B-8711-6CC8FB406057} = {3B427A33-480F-4312-A049-06BFE5C4EBCC}
		{3634E814-19A4-4122-BC8A-1975ECE485B3} = {3B427A33-480F-4312-A049-06BFE5C4EBCC}
	EndGlobalSection
EndGlobal
